PODS:
  - KeychainSwift (19.0.0)
  - SwiftLint (0.38.0)

DEPENDENCIES:
  - KeychainSwift (~> 19.0)
  - SwiftLint

SPEC REPOS:
  trunk:
    - KeychainSwift
    - SwiftLint

SPEC CHECKSUMS:
  KeychainSwift: a06190cf933ad46b1e0abc3d77d29c06331715c7
  SwiftLint: 4105f061f9812b214568b736dab580ab2c73a582

PODFILE CHECKSUM: 0b1a101b54e121b89ac96b9a3188089cd9f4cf83

COCOAPODS: 1.8.4
