// !$*UTF8*$!
{
	archiveVersion = 1;
	classes = {
	};
	objectVersion = 51;
	objects = {

/* Begin PBXBuildFile section */
		05E0C8E62E7F870A5A3F334D /* Pods_filmsstorm.framework in Frameworks */ = {isa = PBXBuildFile; fileRef = 3059B4F4AC351E621267A3AC /* Pods_filmsstorm.framework */; };
		2E16981923AFE05A0002E28E /* GoogleService-Info.plist in Resources */ = {isa = PBXBuildFile; fileRef = 2E16981823AFE05A0002E28E /* GoogleService-Info.plist */; };
		2E51662823AFD6C500EDF51E /* AppDelegate.swift in Sources */ = {isa = PBXBuildFile; fileRef = 2E51662723AFD6C500EDF51E /* AppDelegate.swift */; };
		2E51662A23AFD6C500EDF51E /* SceneDelegate.swift in Sources */ = {isa = PBXBuildFile; fileRef = 2E51662923AFD6C500EDF51E /* SceneDelegate.swift */; };
		2E51662D23AFD6C500EDF51E /* filmsstorm.xcdatamodeld in Sources */ = {isa = PBXBuildFile; fileRef = 2E51662B23AFD6C500EDF51E /* filmsstorm.xcdatamodeld */; };
		2E51663123AFD6CA00EDF51E /* Assets.xcassets in Resources */ = {isa = PBXBuildFile; fileRef = 2E51663023AFD6CA00EDF51E /* Assets.xcassets */; };
		2E51663423AFD6CA00EDF51E /* Preview Assets.xcassets in Resources */ = {isa = PBXBuildFile; fileRef = 2E51663323AFD6CA00EDF51E /* Preview Assets.xcassets */; };
		2E51663723AFD6CA00EDF51E /* LaunchScreen.storyboard in Resources */ = {isa = PBXBuildFile; fileRef = 2E51663523AFD6CA00EDF51E /* LaunchScreen.storyboard */; };
		2E51664223AFD6CA00EDF51E /* filmsstormTests.swift in Sources */ = {isa = PBXBuildFile; fileRef = 2E51664123AFD6CA00EDF51E /* filmsstormTests.swift */; };
		2E51664D23AFD6CA00EDF51E /* filmsstormUITests.swift in Sources */ = {isa = PBXBuildFile; fileRef = 2E51664C23AFD6CA00EDF51E /* filmsstormUITests.swift */; };
		469C6416D289E0B85DA0A0E3 /* Pods_filmsstorm_filmsstormUITests.framework in Frameworks */ = {isa = PBXBuildFile; fileRef = 33002DD3D9293DAE1A68201E /* Pods_filmsstorm_filmsstormUITests.framework */; };
		CD0CDA7823C3E797002EC487 /* RootViewGettable.swift in Sources */ = {isa = PBXBuildFile; fileRef = CD0CDA7423C3E797002EC487 /* RootViewGettable.swift */; };
		CD0CDA7923C3E797002EC487 /* Controller.swift in Sources */ = {isa = PBXBuildFile; fileRef = CD0CDA7623C3E797002EC487 /* Controller.swift */; };
		CD0CDA7A23C3E797002EC487 /* Coordinator.swift in Sources */ = {isa = PBXBuildFile; fileRef = CD0CDA7723C3E797002EC487 /* Coordinator.swift */; };
		CD0CDAA123C67627002EC487 /* JSONParameterEncoder.swift in Sources */ = {isa = PBXBuildFile; fileRef = CD0CDAA023C67627002EC487 /* JSONParameterEncoder.swift */; };
		CD0CDAA323C67665002EC487 /* NetworkError.swift in Sources */ = {isa = PBXBuildFile; fileRef = CD0CDAA223C67665002EC487 /* NetworkError.swift */; };
		CD0CDAA523C67699002EC487 /* ParameterEncoding.swift in Sources */ = {isa = PBXBuildFile; fileRef = CD0CDAA423C67699002EC487 /* ParameterEncoding.swift */; };
		CD0CDAA723C676C7002EC487 /* URLParameterEncoder.swift in Sources */ = {isa = PBXBuildFile; fileRef = CD0CDAA623C676C7002EC487 /* URLParameterEncoder.swift */; };
		CD0CDAA923C67768002EC487 /* MovieEndPoint.swift in Sources */ = {isa = PBXBuildFile; fileRef = CD0CDAA823C67768002EC487 /* MovieEndPoint.swift */; };
		CD2F3C7923BE61D30047B42F /* Auth.swift in Sources */ = {isa = PBXBuildFile; fileRef = CD2F3C7823BE61D30047B42F /* Auth.swift */; };
		CD4F215323BA158D00EB1850 /* ReqquestToken.swift in Sources */ = {isa = PBXBuildFile; fileRef = CD4F215223BA158D00EB1850 /* ReqquestToken.swift */; };
		CD4F215523BA3A3300EB1850 /* SessionID.swift in Sources */ = {isa = PBXBuildFile; fileRef = CD4F215423BA3A3300EB1850 /* SessionID.swift */; };
		CD4F215723BAA55C00EB1850 /* SessionRequestBody.swift in Sources */ = {isa = PBXBuildFile; fileRef = CD4F215623BAA55C00EB1850 /* SessionRequestBody.swift */; };
		CD5E2A1C23BE591600439953 /* UseDefaultsContainer.swift in Sources */ = {isa = PBXBuildFile; fileRef = CD5E2A1B23BE591600439953 /* UseDefaultsContainer.swift */; };
		CDB8791723B900D80099F946 /* AuthorizationViewController.swift in Sources */ = {isa = PBXBuildFile; fileRef = CDB8791523B900D80099F946 /* AuthorizationViewController.swift */; };
		CDB8791823B900D80099F946 /* AuthorizationViewController.xib in Resources */ = {isa = PBXBuildFile; fileRef = CDB8791623B900D80099F946 /* AuthorizationViewController.xib */; };
		CDB8791B23B900EC0099F946 /* SessionIDViewController.swift in Sources */ = {isa = PBXBuildFile; fileRef = CDB8791923B900EC0099F946 /* SessionIDViewController.swift */; };
		CDB8791C23B900EC0099F946 /* SessionIDViewController.xib in Resources */ = {isa = PBXBuildFile; fileRef = CDB8791A23B900EC0099F946 /* SessionIDViewController.xib */; };
		CDB8791E23B901F20099F946 /* AuthorizationView.swift in Sources */ = {isa = PBXBuildFile; fileRef = CDB8791D23B901F20099F946 /* AuthorizationView.swift */; };
		CDB8792023B9020C0099F946 /* SessionIDView.swift in Sources */ = {isa = PBXBuildFile; fileRef = CDB8791F23B9020C0099F946 /* SessionIDView.swift */; };
		CDB8792223B909040099F946 /* AppConfigurator.swift in Sources */ = {isa = PBXBuildFile; fileRef = CDB8792123B909040099F946 /* AppConfigurator.swift */; };
		CDB8792423B93C240099F946 /* AppCoordinator.swift in Sources */ = {isa = PBXBuildFile; fileRef = CDB8792323B93C240099F946 /* AppCoordinator.swift */; };
		EF69E43B310A0AD220DE1C48 /* Pods_filmsstormTests.framework in Frameworks */ = {isa = PBXBuildFile; fileRef = 3E3AA44BFE965E894CADF19A /* Pods_filmsstormTests.framework */; };
/* End PBXBuildFile section */

/* Begin PBXContainerItemProxy section */
		2E51663E23AFD6CA00EDF51E /* PBXContainerItemProxy */ = {
			isa = PBXContainerItemProxy;
			containerPortal = 2E51661C23AFD6C500EDF51E /* Project object */;
			proxyType = 1;
			remoteGlobalIDString = 2E51662323AFD6C500EDF51E;
			remoteInfo = filmsstorm;
		};
		2E51664923AFD6CA00EDF51E /* PBXContainerItemProxy */ = {
			isa = PBXContainerItemProxy;
			containerPortal = 2E51661C23AFD6C500EDF51E /* Project object */;
			proxyType = 1;
			remoteGlobalIDString = 2E51662323AFD6C500EDF51E;
			remoteInfo = filmsstorm;
		};
/* End PBXContainerItemProxy section */

/* Begin PBXFileReference section */
		17795471C3F63797511534BD /* Pods-filmsstorm.debug.xcconfig */ = {isa = PBXFileReference; includeInIndex = 1; lastKnownFileType = text.xcconfig; name = "Pods-filmsstorm.debug.xcconfig"; path = "Target Support Files/Pods-filmsstorm/Pods-filmsstorm.debug.xcconfig"; sourceTree = "<group>"; };
		2E16981823AFE05A0002E28E /* GoogleService-Info.plist */ = {isa = PBXFileReference; fileEncoding = 4; lastKnownFileType = text.plist.xml; path = "GoogleService-Info.plist"; sourceTree = "<group>"; };
		2E51662423AFD6C500EDF51E /* filmsstorm.app */ = {isa = PBXFileReference; explicitFileType = wrapper.application; includeInIndex = 0; path = filmsstorm.app; sourceTree = BUILT_PRODUCTS_DIR; };
		2E51662723AFD6C500EDF51E /* AppDelegate.swift */ = {isa = PBXFileReference; lastKnownFileType = sourcecode.swift; path = AppDelegate.swift; sourceTree = "<group>"; };
		2E51662923AFD6C500EDF51E /* SceneDelegate.swift */ = {isa = PBXFileReference; lastKnownFileType = sourcecode.swift; path = SceneDelegate.swift; sourceTree = "<group>"; };
		2E51662C23AFD6C500EDF51E /* filmsstorm.xcdatamodel */ = {isa = PBXFileReference; lastKnownFileType = wrapper.xcdatamodel; path = filmsstorm.xcdatamodel; sourceTree = "<group>"; };
		2E51663023AFD6CA00EDF51E /* Assets.xcassets */ = {isa = PBXFileReference; lastKnownFileType = folder.assetcatalog; path = Assets.xcassets; sourceTree = "<group>"; };
		2E51663323AFD6CA00EDF51E /* Preview Assets.xcassets */ = {isa = PBXFileReference; lastKnownFileType = folder.assetcatalog; path = "Preview Assets.xcassets"; sourceTree = "<group>"; };
		2E51663623AFD6CA00EDF51E /* Base */ = {isa = PBXFileReference; lastKnownFileType = file.storyboard; name = Base; path = Base.lproj/LaunchScreen.storyboard; sourceTree = "<group>"; };
		2E51663823AFD6CA00EDF51E /* Info.plist */ = {isa = PBXFileReference; lastKnownFileType = text.plist.xml; path = Info.plist; sourceTree = "<group>"; };
		2E51663D23AFD6CA00EDF51E /* filmsstormTests.xctest */ = {isa = PBXFileReference; explicitFileType = wrapper.cfbundle; includeInIndex = 0; path = filmsstormTests.xctest; sourceTree = BUILT_PRODUCTS_DIR; };
		2E51664123AFD6CA00EDF51E /* filmsstormTests.swift */ = {isa = PBXFileReference; lastKnownFileType = sourcecode.swift; path = filmsstormTests.swift; sourceTree = "<group>"; };
		2E51664323AFD6CA00EDF51E /* Info.plist */ = {isa = PBXFileReference; lastKnownFileType = text.plist.xml; path = Info.plist; sourceTree = "<group>"; };
		2E51664823AFD6CA00EDF51E /* filmsstormUITests.xctest */ = {isa = PBXFileReference; explicitFileType = wrapper.cfbundle; includeInIndex = 0; path = filmsstormUITests.xctest; sourceTree = BUILT_PRODUCTS_DIR; };
		2E51664C23AFD6CA00EDF51E /* filmsstormUITests.swift */ = {isa = PBXFileReference; lastKnownFileType = sourcecode.swift; path = filmsstormUITests.swift; sourceTree = "<group>"; };
		2E51664E23AFD6CA00EDF51E /* Info.plist */ = {isa = PBXFileReference; lastKnownFileType = text.plist.xml; path = Info.plist; sourceTree = "<group>"; };
		3059B4F4AC351E621267A3AC /* Pods_filmsstorm.framework */ = {isa = PBXFileReference; explicitFileType = wrapper.framework; includeInIndex = 0; path = Pods_filmsstorm.framework; sourceTree = BUILT_PRODUCTS_DIR; };
		33002DD3D9293DAE1A68201E /* Pods_filmsstorm_filmsstormUITests.framework */ = {isa = PBXFileReference; explicitFileType = wrapper.framework; includeInIndex = 0; path = Pods_filmsstorm_filmsstormUITests.framework; sourceTree = BUILT_PRODUCTS_DIR; };
		3E3AA44BFE965E894CADF19A /* Pods_filmsstormTests.framework */ = {isa = PBXFileReference; explicitFileType = wrapper.framework; includeInIndex = 0; path = Pods_filmsstormTests.framework; sourceTree = BUILT_PRODUCTS_DIR; };
		61EAC7A62E40AF84DB9BB78E /* Pods-filmsstorm-filmsstormUITests.debug.xcconfig */ = {isa = PBXFileReference; includeInIndex = 1; lastKnownFileType = text.xcconfig; name = "Pods-filmsstorm-filmsstormUITests.debug.xcconfig"; path = "Target Support Files/Pods-filmsstorm-filmsstormUITests/Pods-filmsstorm-filmsstormUITests.debug.xcconfig"; sourceTree = "<group>"; };
		968C53E6688A83988E9A0DE1 /* Pods-filmsstormTests.debug.xcconfig */ = {isa = PBXFileReference; includeInIndex = 1; lastKnownFileType = text.xcconfig; name = "Pods-filmsstormTests.debug.xcconfig"; path = "Target Support Files/Pods-filmsstormTests/Pods-filmsstormTests.debug.xcconfig"; sourceTree = "<group>"; };
		A5B7186A6F196DB03D981431 /* Pods-filmsstorm-filmsstormUITests.release.xcconfig */ = {isa = PBXFileReference; includeInIndex = 1; lastKnownFileType = text.xcconfig; name = "Pods-filmsstorm-filmsstormUITests.release.xcconfig"; path = "Target Support Files/Pods-filmsstorm-filmsstormUITests/Pods-filmsstorm-filmsstormUITests.release.xcconfig"; sourceTree = "<group>"; };
		CD0CDA7423C3E797002EC487 /* RootViewGettable.swift */ = {isa = PBXFileReference; fileEncoding = 4; lastKnownFileType = sourcecode.swift; path = RootViewGettable.swift; sourceTree = "<group>"; };
		CD0CDA7623C3E797002EC487 /* Controller.swift */ = {isa = PBXFileReference; fileEncoding = 4; lastKnownFileType = sourcecode.swift; path = Controller.swift; sourceTree = "<group>"; };
		CD0CDA7723C3E797002EC487 /* Coordinator.swift */ = {isa = PBXFileReference; fileEncoding = 4; lastKnownFileType = sourcecode.swift; path = Coordinator.swift; sourceTree = "<group>"; };
		CD0CDAA023C67627002EC487 /* JSONParameterEncoder.swift */ = {isa = PBXFileReference; lastKnownFileType = sourcecode.swift; path = JSONParameterEncoder.swift; sourceTree = "<group>"; };
		CD0CDAA223C67665002EC487 /* NetworkError.swift */ = {isa = PBXFileReference; lastKnownFileType = sourcecode.swift; path = NetworkError.swift; sourceTree = "<group>"; };
		CD0CDAA423C67699002EC487 /* ParameterEncoding.swift */ = {isa = PBXFileReference; lastKnownFileType = sourcecode.swift; path = ParameterEncoding.swift; sourceTree = "<group>"; };
		CD0CDAA623C676C7002EC487 /* URLParameterEncoder.swift */ = {isa = PBXFileReference; lastKnownFileType = sourcecode.swift; path = URLParameterEncoder.swift; sourceTree = "<group>"; };
		CD0CDAA823C67768002EC487 /* MovieEndPoint.swift */ = {isa = PBXFileReference; lastKnownFileType = sourcecode.swift; path = MovieEndPoint.swift; sourceTree = "<group>"; };
		CD2F3C7823BE61D30047B42F /* Auth.swift */ = {isa = PBXFileReference; lastKnownFileType = sourcecode.swift; path = Auth.swift; sourceTree = "<group>"; };
		CD4F215223BA158D00EB1850 /* ReqquestToken.swift */ = {isa = PBXFileReference; lastKnownFileType = sourcecode.swift; path = ReqquestToken.swift; sourceTree = "<group>"; };
		CD4F215423BA3A3300EB1850 /* SessionID.swift */ = {isa = PBXFileReference; lastKnownFileType = sourcecode.swift; path = SessionID.swift; sourceTree = "<group>"; };
		CD4F215623BAA55C00EB1850 /* SessionRequestBody.swift */ = {isa = PBXFileReference; lastKnownFileType = sourcecode.swift; path = SessionRequestBody.swift; sourceTree = "<group>"; };
		CD5E2A1B23BE591600439953 /* UseDefaultsContainer.swift */ = {isa = PBXFileReference; fileEncoding = 4; lastKnownFileType = sourcecode.swift; path = UseDefaultsContainer.swift; sourceTree = "<group>"; };
		CDB8791523B900D80099F946 /* AuthorizationViewController.swift */ = {isa = PBXFileReference; lastKnownFileType = sourcecode.swift; path = AuthorizationViewController.swift; sourceTree = "<group>"; };
		CDB8791623B900D80099F946 /* AuthorizationViewController.xib */ = {isa = PBXFileReference; lastKnownFileType = file.xib; path = AuthorizationViewController.xib; sourceTree = "<group>"; };
		CDB8791923B900EC0099F946 /* SessionIDViewController.swift */ = {isa = PBXFileReference; lastKnownFileType = sourcecode.swift; path = SessionIDViewController.swift; sourceTree = "<group>"; };
		CDB8791A23B900EC0099F946 /* SessionIDViewController.xib */ = {isa = PBXFileReference; lastKnownFileType = file.xib; path = SessionIDViewController.xib; sourceTree = "<group>"; };
		CDB8791D23B901F20099F946 /* AuthorizationView.swift */ = {isa = PBXFileReference; lastKnownFileType = sourcecode.swift; path = AuthorizationView.swift; sourceTree = "<group>"; };
		CDB8791F23B9020C0099F946 /* SessionIDView.swift */ = {isa = PBXFileReference; lastKnownFileType = sourcecode.swift; path = SessionIDView.swift; sourceTree = "<group>"; };
		CDB8792123B909040099F946 /* AppConfigurator.swift */ = {isa = PBXFileReference; lastKnownFileType = sourcecode.swift; path = AppConfigurator.swift; sourceTree = "<group>"; };
		CDB8792323B93C240099F946 /* AppCoordinator.swift */ = {isa = PBXFileReference; lastKnownFileType = sourcecode.swift; path = AppCoordinator.swift; sourceTree = "<group>"; };
		EA79238A8EC29AB9C6DB940C /* Pods-filmsstormTests.release.xcconfig */ = {isa = PBXFileReference; includeInIndex = 1; lastKnownFileType = text.xcconfig; name = "Pods-filmsstormTests.release.xcconfig"; path = "Target Support Files/Pods-filmsstormTests/Pods-filmsstormTests.release.xcconfig"; sourceTree = "<group>"; };
		F49330B6ECFAEA477A36F2CE /* Pods-filmsstorm.release.xcconfig */ = {isa = PBXFileReference; includeInIndex = 1; lastKnownFileType = text.xcconfig; name = "Pods-filmsstorm.release.xcconfig"; path = "Target Support Files/Pods-filmsstorm/Pods-filmsstorm.release.xcconfig"; sourceTree = "<group>"; };
/* End PBXFileReference section */

/* Begin PBXFrameworksBuildPhase section */
		2E51662123AFD6C500EDF51E /* Frameworks */ = {
			isa = PBXFrameworksBuildPhase;
			buildActionMask = 2147483647;
			files = (
				05E0C8E62E7F870A5A3F334D /* Pods_filmsstorm.framework in Frameworks */,
			);
			runOnlyForDeploymentPostprocessing = 0;
		};
		2E51663A23AFD6CA00EDF51E /* Frameworks */ = {
			isa = PBXFrameworksBuildPhase;
			buildActionMask = 2147483647;
			files = (
				EF69E43B310A0AD220DE1C48 /* Pods_filmsstormTests.framework in Frameworks */,
			);
			runOnlyForDeploymentPostprocessing = 0;
		};
		2E51664523AFD6CA00EDF51E /* Frameworks */ = {
			isa = PBXFrameworksBuildPhase;
			buildActionMask = 2147483647;
			files = (
				469C6416D289E0B85DA0A0E3 /* Pods_filmsstorm_filmsstormUITests.framework in Frameworks */,
			);
			runOnlyForDeploymentPostprocessing = 0;
		};
/* End PBXFrameworksBuildPhase section */

/* Begin PBXGroup section */
		2E51661B23AFD6C500EDF51E = {
			isa = PBXGroup;
			children = (
				CDB8791423B9005D0099F946 /* Source */,
				2E51662623AFD6C500EDF51E /* filmsstorm */,
				2E51664023AFD6CA00EDF51E /* filmsstormTests */,
				2E51664B23AFD6CA00EDF51E /* filmsstormUITests */,
				2E51662523AFD6C500EDF51E /* Products */,
				CF9F48FE6F309788D89B0A33 /* Pods */,
				5041012AA2EB81CBFE90A854 /* Frameworks */,
			);
			sourceTree = "<group>";
		};
		2E51662523AFD6C500EDF51E /* Products */ = {
			isa = PBXGroup;
			children = (
				2E51662423AFD6C500EDF51E /* filmsstorm.app */,
				2E51663D23AFD6CA00EDF51E /* filmsstormTests.xctest */,
				2E51664823AFD6CA00EDF51E /* filmsstormUITests.xctest */,
			);
			name = Products;
			sourceTree = "<group>";
		};
		2E51662623AFD6C500EDF51E /* filmsstorm */ = {
			isa = PBXGroup;
			children = (
				2E51662723AFD6C500EDF51E /* AppDelegate.swift */,
				2E51662923AFD6C500EDF51E /* SceneDelegate.swift */,
				2E51663023AFD6CA00EDF51E /* Assets.xcassets */,
				2E51662B23AFD6C500EDF51E /* filmsstorm.xcdatamodeld */,
				2E16981823AFE05A0002E28E /* GoogleService-Info.plist */,
				2E51663823AFD6CA00EDF51E /* Info.plist */,
				2E51663523AFD6CA00EDF51E /* LaunchScreen.storyboard */,
				2E51663223AFD6CA00EDF51E /* Preview Content */,
			);
			path = filmsstorm;
			sourceTree = "<group>";
		};
		2E51663223AFD6CA00EDF51E /* Preview Content */ = {
			isa = PBXGroup;
			children = (
				2E51663323AFD6CA00EDF51E /* Preview Assets.xcassets */,
			);
			path = "Preview Content";
			sourceTree = "<group>";
		};
		2E51664023AFD6CA00EDF51E /* filmsstormTests */ = {
			isa = PBXGroup;
			children = (
				2E51664123AFD6CA00EDF51E /* filmsstormTests.swift */,
				2E51664323AFD6CA00EDF51E /* Info.plist */,
			);
			path = filmsstormTests;
			sourceTree = "<group>";
		};
		2E51664B23AFD6CA00EDF51E /* filmsstormUITests */ = {
			isa = PBXGroup;
			children = (
				2E51664C23AFD6CA00EDF51E /* filmsstormUITests.swift */,
				2E51664E23AFD6CA00EDF51E /* Info.plist */,
			);
			path = filmsstormUITests;
			sourceTree = "<group>";
		};
		5041012AA2EB81CBFE90A854 /* Frameworks */ = {
			isa = PBXGroup;
			children = (
				3059B4F4AC351E621267A3AC /* Pods_filmsstorm.framework */,
				33002DD3D9293DAE1A68201E /* Pods_filmsstorm_filmsstormUITests.framework */,
				3E3AA44BFE965E894CADF19A /* Pods_filmsstormTests.framework */,
			);
			name = Frameworks;
			sourceTree = "<group>";
		};
		CD0CDA7223C3E797002EC487 /* Patterns */ = {
			isa = PBXGroup;
			children = (
				CD0CDA7323C3E797002EC487 /* RootViewGettable */,
				CD0CDA7523C3E797002EC487 /* MVCC */,
			);
			path = Patterns;
			sourceTree = "<group>";
		};
		CD0CDA7323C3E797002EC487 /* RootViewGettable */ = {
			isa = PBXGroup;
			children = (
				CD0CDA7423C3E797002EC487 /* RootViewGettable.swift */,
			);
			path = RootViewGettable;
			sourceTree = "<group>";
		};
		CD0CDA7523C3E797002EC487 /* MVCC */ = {
			isa = PBXGroup;
			children = (
				CD0CDA7623C3E797002EC487 /* Controller.swift */,
				CD0CDA7723C3E797002EC487 /* Coordinator.swift */,
			);
			path = MVCC;
			sourceTree = "<group>";
		};
		CD0CDA9C23C6753D002EC487 /* Encoding */ = {
			isa = PBXGroup;
			children = (
				CD0CDAA023C67627002EC487 /* JSONParameterEncoder.swift */,
				CD0CDAA223C67665002EC487 /* NetworkError.swift */,
				CD0CDAA423C67699002EC487 /* ParameterEncoding.swift */,
				CD0CDAA623C676C7002EC487 /* URLParameterEncoder.swift */,
			);
			path = Encoding;
			sourceTree = "<group>";
		};
		CD0CDA9D23C67549002EC487 /* EndPoint */ = {
			isa = PBXGroup;
			children = (
				CD0CDAA823C67768002EC487 /* MovieEndPoint.swift */,
			);
			path = EndPoint;
			sourceTree = "<group>";
		};
		CD0CDA9E23C67558002EC487 /* Manager */ = {
			isa = PBXGroup;
			children = (
			);
			path = Manager;
			sourceTree = "<group>";
		};
		CD0CDA9F23C67575002EC487 /* Service */ = {
			isa = PBXGroup;
			children = (
			);
			path = Service;
			sourceTree = "<group>";
		};
		CDB8790B23B8FF290099F946 /* UI */ = {
			isa = PBXGroup;
			children = (
				CDB8791223B9001B0099F946 /* AuthorizationViewController */,
				CDB8791323B9002C0099F946 /* SessionIDViewController */,
			);
			path = UI;
			sourceTree = "<group>";
		};
		CDB8790C23B8FF510099F946 /* Networking */ = {
			isa = PBXGroup;
			children = (
				CD0CDA9C23C6753D002EC487 /* Encoding */,
				CD0CDA9D23C67549002EC487 /* EndPoint */,
				CD0CDA9E23C67558002EC487 /* Manager */,
				CD0CDA9F23C67575002EC487 /* Service */,
			);
			path = Networking;
			sourceTree = "<group>";
		};
		CDB8790D23B8FF5D0099F946 /* AppConstants */ = {
			isa = PBXGroup;
			children = (
			);
			path = AppConstants;
			sourceTree = "<group>";
		};
		CDB8790F23B8FFA10099F946 /* Models */ = {
			isa = PBXGroup;
			children = (
				CD4F215223BA158D00EB1850 /* ReqquestToken.swift */,
				CD4F215423BA3A3300EB1850 /* SessionID.swift */,
				CD4F215623BAA55C00EB1850 /* SessionRequestBody.swift */,
				CD2F3C7823BE61D30047B42F /* Auth.swift */,
			);
			path = Models;
			sourceTree = "<group>";
		};
		CDB8791123B8FFBF0099F946 /* Coordinator */ = {
			isa = PBXGroup;
			children = (
				CDB8792123B909040099F946 /* AppConfigurator.swift */,
				CDB8792323B93C240099F946 /* AppCoordinator.swift */,
			);
			path = Coordinator;
			sourceTree = "<group>";
		};
		CDB8791223B9001B0099F946 /* AuthorizationViewController */ = {
			isa = PBXGroup;
			children = (
				CDB8791523B900D80099F946 /* AuthorizationViewController.swift */,
				CDB8791623B900D80099F946 /* AuthorizationViewController.xib */,
				CDB8791D23B901F20099F946 /* AuthorizationView.swift */,
			);
			path = AuthorizationViewController;
			sourceTree = "<group>";
		};
		CDB8791323B9002C0099F946 /* SessionIDViewController */ = {
			isa = PBXGroup;
			children = (
				CDB8791923B900EC0099F946 /* SessionIDViewController.swift */,
				CDB8791A23B900EC0099F946 /* SessionIDViewController.xib */,
				CDB8791F23B9020C0099F946 /* SessionIDView.swift */,
			);
			path = SessionIDViewController;
			sourceTree = "<group>";
		};
		CDB8791423B9005D0099F946 /* Source */ = {
			isa = PBXGroup;
			children = (
				CD0CDA7223C3E797002EC487 /* Patterns */,
				CDDC776D23BE58AB000BD3C7 /* UseDefaultsContainer */,
				CDB8790D23B8FF5D0099F946 /* AppConstants */,
				CDB8791123B8FFBF0099F946 /* Coordinator */,
				CDB8790F23B8FFA10099F946 /* Models */,
				CDB8790C23B8FF510099F946 /* Networking */,
				CDB8790B23B8FF290099F946 /* UI */,
			);
			path = Source;
			sourceTree = "<group>";
		};
		CDDC776D23BE58AB000BD3C7 /* UseDefaultsContainer */ = {
			isa = PBXGroup;
			children = (
				CD5E2A1B23BE591600439953 /* UseDefaultsContainer.swift */,
			);
			path = UseDefaultsContainer;
			sourceTree = "<group>";
		};
		CF9F48FE6F309788D89B0A33 /* Pods */ = {
			isa = PBXGroup;
			children = (
				17795471C3F63797511534BD /* Pods-filmsstorm.debug.xcconfig */,
				F49330B6ECFAEA477A36F2CE /* Pods-filmsstorm.release.xcconfig */,
				61EAC7A62E40AF84DB9BB78E /* Pods-filmsstorm-filmsstormUITests.debug.xcconfig */,
				A5B7186A6F196DB03D981431 /* Pods-filmsstorm-filmsstormUITests.release.xcconfig */,
				968C53E6688A83988E9A0DE1 /* Pods-filmsstormTests.debug.xcconfig */,
				EA79238A8EC29AB9C6DB940C /* Pods-filmsstormTests.release.xcconfig */,
			);
			path = Pods;
			sourceTree = "<group>";
		};
/* End PBXGroup section */

/* Begin PBXNativeTarget section */
		2E51662323AFD6C500EDF51E /* filmsstorm */ = {
			isa = PBXNativeTarget;
			buildConfigurationList = 2E51665123AFD6CA00EDF51E /* Build configuration list for PBXNativeTarget "filmsstorm" */;
			buildPhases = (
				CCFE275936A6632AB8B00FF6 /* [CP] Check Pods Manifest.lock */,
				2E51665A23AFDAEF00EDF51E /* ShellScript */,
				2E51662023AFD6C500EDF51E /* Sources */,
				2E51662123AFD6C500EDF51E /* Frameworks */,
				2E51662223AFD6C500EDF51E /* Resources */,
				F6E508D26EDFE3BDECDA4104 /* [CP] Embed Pods Frameworks */,
			);
			buildRules = (
			);
			dependencies = (
			);
			name = filmsstorm;
			productName = filmsstorm;
			productReference = 2E51662423AFD6C500EDF51E /* filmsstorm.app */;
			productType = "com.apple.product-type.application";
		};
		2E51663C23AFD6CA00EDF51E /* filmsstormTests */ = {
			isa = PBXNativeTarget;
			buildConfigurationList = 2E51665423AFD6CA00EDF51E /* Build configuration list for PBXNativeTarget "filmsstormTests" */;
			buildPhases = (
				9C26D2CF2137D39F0394DF0A /* [CP] Check Pods Manifest.lock */,
				2E51663923AFD6CA00EDF51E /* Sources */,
				2E51663A23AFD6CA00EDF51E /* Frameworks */,
				2E51663B23AFD6CA00EDF51E /* Resources */,
			);
			buildRules = (
			);
			dependencies = (
				2E51663F23AFD6CA00EDF51E /* PBXTargetDependency */,
			);
			name = filmsstormTests;
			productName = filmsstormTests;
			productReference = 2E51663D23AFD6CA00EDF51E /* filmsstormTests.xctest */;
			productType = "com.apple.product-type.bundle.unit-test";
		};
		2E51664723AFD6CA00EDF51E /* filmsstormUITests */ = {
			isa = PBXNativeTarget;
			buildConfigurationList = 2E51665723AFD6CA00EDF51E /* Build configuration list for PBXNativeTarget "filmsstormUITests" */;
			buildPhases = (
				D4E11C080F620C4C3A4DBF62 /* [CP] Check Pods Manifest.lock */,
				2E51664423AFD6CA00EDF51E /* Sources */,
				2E51664523AFD6CA00EDF51E /* Frameworks */,
				2E51664623AFD6CA00EDF51E /* Resources */,
				E0FF38901EA2EA07E5D42AD8 /* [CP] Embed Pods Frameworks */,
			);
			buildRules = (
			);
			dependencies = (
				2E51664A23AFD6CA00EDF51E /* PBXTargetDependency */,
			);
			name = filmsstormUITests;
			productName = filmsstormUITests;
			productReference = 2E51664823AFD6CA00EDF51E /* filmsstormUITests.xctest */;
			productType = "com.apple.product-type.bundle.ui-testing";
		};
/* End PBXNativeTarget section */

/* Begin PBXProject section */
		2E51661C23AFD6C500EDF51E /* Project object */ = {
			isa = PBXProject;
			attributes = {
				LastSwiftUpdateCheck = 1120;
				LastUpgradeCheck = 1120;
				ORGANIZATIONNAME = "Alexander Andriushchenko";
				TargetAttributes = {
					2E51662323AFD6C500EDF51E = {
						CreatedOnToolsVersion = 11.2;
					};
					2E51663C23AFD6CA00EDF51E = {
						CreatedOnToolsVersion = 11.2;
						TestTargetID = 2E51662323AFD6C500EDF51E;
					};
					2E51664723AFD6CA00EDF51E = {
						CreatedOnToolsVersion = 11.2;
						TestTargetID = 2E51662323AFD6C500EDF51E;
					};
				};
			};
			buildConfigurationList = 2E51661F23AFD6C500EDF51E /* Build configuration list for PBXProject "filmsstorm" */;
			compatibilityVersion = "Xcode 9.3";
			developmentRegion = en;
			hasScannedForEncodings = 0;
			knownRegions = (
				en,
				Base,
			);
			mainGroup = 2E51661B23AFD6C500EDF51E;
			productRefGroup = 2E51662523AFD6C500EDF51E /* Products */;
			projectDirPath = "";
			projectRoot = "";
			targets = (
				2E51662323AFD6C500EDF51E /* filmsstorm */,
				2E51663C23AFD6CA00EDF51E /* filmsstormTests */,
				2E51664723AFD6CA00EDF51E /* filmsstormUITests */,
			);
		};
/* End PBXProject section */

/* Begin PBXResourcesBuildPhase section */
		2E51662223AFD6C500EDF51E /* Resources */ = {
			isa = PBXResourcesBuildPhase;
			buildActionMask = 2147483647;
			files = (
				CDB8791C23B900EC0099F946 /* SessionIDViewController.xib in Resources */,
				2E51663723AFD6CA00EDF51E /* LaunchScreen.storyboard in Resources */,
				CDB8791823B900D80099F946 /* AuthorizationViewController.xib in Resources */,
				2E16981923AFE05A0002E28E /* GoogleService-Info.plist in Resources */,
				2E51663423AFD6CA00EDF51E /* Preview Assets.xcassets in Resources */,
				2E51663123AFD6CA00EDF51E /* Assets.xcassets in Resources */,
			);
			runOnlyForDeploymentPostprocessing = 0;
		};
		2E51663B23AFD6CA00EDF51E /* Resources */ = {
			isa = PBXResourcesBuildPhase;
			buildActionMask = 2147483647;
			files = (
			);
			runOnlyForDeploymentPostprocessing = 0;
		};
		2E51664623AFD6CA00EDF51E /* Resources */ = {
			isa = PBXResourcesBuildPhase;
			buildActionMask = 2147483647;
			files = (
			);
			runOnlyForDeploymentPostprocessing = 0;
		};
/* End PBXResourcesBuildPhase section */

/* Begin PBXShellScriptBuildPhase section */
		2E51665A23AFDAEF00EDF51E /* ShellScript */ = {
			isa = PBXShellScriptBuildPhase;
			buildActionMask = 2147483647;
			files = (
			);
			inputFileListPaths = (
			);
			inputPaths = (
			);
			outputFileListPaths = (
			);
			outputPaths = (
			);
			runOnlyForDeploymentPostprocessing = 0;
			shellPath = /bin/sh;
			shellScript = "\"${PODS_ROOT}/SwiftLint/swiftlint\"\n";
		};
		9C26D2CF2137D39F0394DF0A /* [CP] Check Pods Manifest.lock */ = {
			isa = PBXShellScriptBuildPhase;
			buildActionMask = 2147483647;
			files = (
			);
			inputFileListPaths = (
			);
			inputPaths = (
				"${PODS_PODFILE_DIR_PATH}/Podfile.lock",
				"${PODS_ROOT}/Manifest.lock",
			);
			name = "[CP] Check Pods Manifest.lock";
			outputFileListPaths = (
			);
			outputPaths = (
				"$(DERIVED_FILE_DIR)/Pods-filmsstormTests-checkManifestLockResult.txt",
			);
			runOnlyForDeploymentPostprocessing = 0;
			shellPath = /bin/sh;
			shellScript = "diff \"${PODS_PODFILE_DIR_PATH}/Podfile.lock\" \"${PODS_ROOT}/Manifest.lock\" > /dev/null\nif [ $? != 0 ] ; then\n    # print error to STDERR\n    echo \"error: The sandbox is not in sync with the Podfile.lock. Run 'pod install' or update your CocoaPods installation.\" >&2\n    exit 1\nfi\n# This output is used by Xcode 'outputs' to avoid re-running this script phase.\necho \"SUCCESS\" > \"${SCRIPT_OUTPUT_FILE_0}\"\n";
			showEnvVarsInLog = 0;
		};
		CCFE275936A6632AB8B00FF6 /* [CP] Check Pods Manifest.lock */ = {
			isa = PBXShellScriptBuildPhase;
			buildActionMask = 2147483647;
			files = (
			);
			inputFileListPaths = (
			);
			inputPaths = (
				"${PODS_PODFILE_DIR_PATH}/Podfile.lock",
				"${PODS_ROOT}/Manifest.lock",
			);
			name = "[CP] Check Pods Manifest.lock";
			outputFileListPaths = (
			);
			outputPaths = (
				"$(DERIVED_FILE_DIR)/Pods-filmsstorm-checkManifestLockResult.txt",
			);
			runOnlyForDeploymentPostprocessing = 0;
			shellPath = /bin/sh;
			shellScript = "diff \"${PODS_PODFILE_DIR_PATH}/Podfile.lock\" \"${PODS_ROOT}/Manifest.lock\" > /dev/null\nif [ $? != 0 ] ; then\n    # print error to STDERR\n    echo \"error: The sandbox is not in sync with the Podfile.lock. Run 'pod install' or update your CocoaPods installation.\" >&2\n    exit 1\nfi\n# This output is used by Xcode 'outputs' to avoid re-running this script phase.\necho \"SUCCESS\" > \"${SCRIPT_OUTPUT_FILE_0}\"\n";
			showEnvVarsInLog = 0;
		};
		D4E11C080F620C4C3A4DBF62 /* [CP] Check Pods Manifest.lock */ = {
			isa = PBXShellScriptBuildPhase;
			buildActionMask = 2147483647;
			files = (
			);
			inputFileListPaths = (
			);
			inputPaths = (
				"${PODS_PODFILE_DIR_PATH}/Podfile.lock",
				"${PODS_ROOT}/Manifest.lock",
			);
			name = "[CP] Check Pods Manifest.lock";
			outputFileListPaths = (
			);
			outputPaths = (
				"$(DERIVED_FILE_DIR)/Pods-filmsstorm-filmsstormUITests-checkManifestLockResult.txt",
			);
			runOnlyForDeploymentPostprocessing = 0;
			shellPath = /bin/sh;
			shellScript = "diff \"${PODS_PODFILE_DIR_PATH}/Podfile.lock\" \"${PODS_ROOT}/Manifest.lock\" > /dev/null\nif [ $? != 0 ] ; then\n    # print error to STDERR\n    echo \"error: The sandbox is not in sync with the Podfile.lock. Run 'pod install' or update your CocoaPods installation.\" >&2\n    exit 1\nfi\n# This output is used by Xcode 'outputs' to avoid re-running this script phase.\necho \"SUCCESS\" > \"${SCRIPT_OUTPUT_FILE_0}\"\n";
			showEnvVarsInLog = 0;
		};
		E0FF38901EA2EA07E5D42AD8 /* [CP] Embed Pods Frameworks */ = {
			isa = PBXShellScriptBuildPhase;
			buildActionMask = 2147483647;
			files = (
			);
			inputFileListPaths = (
				"${PODS_ROOT}/Target Support Files/Pods-filmsstorm-filmsstormUITests/Pods-filmsstorm-filmsstormUITests-frameworks-${CONFIGURATION}-input-files.xcfilelist",
			);
			name = "[CP] Embed Pods Frameworks";
			outputFileListPaths = (
				"${PODS_ROOT}/Target Support Files/Pods-filmsstorm-filmsstormUITests/Pods-filmsstorm-filmsstormUITests-frameworks-${CONFIGURATION}-output-files.xcfilelist",
			);
			runOnlyForDeploymentPostprocessing = 0;
			shellPath = /bin/sh;
			shellScript = "\"${PODS_ROOT}/Target Support Files/Pods-filmsstorm-filmsstormUITests/Pods-filmsstorm-filmsstormUITests-frameworks.sh\"\n";
			showEnvVarsInLog = 0;
		};
		F6E508D26EDFE3BDECDA4104 /* [CP] Embed Pods Frameworks */ = {
			isa = PBXShellScriptBuildPhase;
			buildActionMask = 2147483647;
			files = (
			);
			inputFileListPaths = (
				"${PODS_ROOT}/Target Support Files/Pods-filmsstorm/Pods-filmsstorm-frameworks-${CONFIGURATION}-input-files.xcfilelist",
			);
			name = "[CP] Embed Pods Frameworks";
			outputFileListPaths = (
				"${PODS_ROOT}/Target Support Files/Pods-filmsstorm/Pods-filmsstorm-frameworks-${CONFIGURATION}-output-files.xcfilelist",
			);
			runOnlyForDeploymentPostprocessing = 0;
			shellPath = /bin/sh;
			shellScript = "\"${PODS_ROOT}/Target Support Files/Pods-filmsstorm/Pods-filmsstorm-frameworks.sh\"\n";
			showEnvVarsInLog = 0;
		};
/* End PBXShellScriptBuildPhase section */

/* Begin PBXSourcesBuildPhase section */
		2E51662023AFD6C500EDF51E /* Sources */ = {
			isa = PBXSourcesBuildPhase;
			buildActionMask = 2147483647;
			files = (
				2E51662823AFD6C500EDF51E /* AppDelegate.swift in Sources */,
				2E51662A23AFD6C500EDF51E /* SceneDelegate.swift in Sources */,
				CD0CDAA523C67699002EC487 /* ParameterEncoding.swift in Sources */,
				CDB8792423B93C240099F946 /* AppCoordinator.swift in Sources */,
				CDB8792223B909040099F946 /* AppConfigurator.swift in Sources */,
				CDB8792023B9020C0099F946 /* SessionIDView.swift in Sources */,
				CDB8791723B900D80099F946 /* AuthorizationViewController.swift in Sources */,
				CDB8791B23B900EC0099F946 /* SessionIDViewController.swift in Sources */,
				CDB8791E23B901F20099F946 /* AuthorizationView.swift in Sources */,
				CD4F215523BA3A3300EB1850 /* SessionID.swift in Sources */,
				CD0CDA7A23C3E797002EC487 /* Coordinator.swift in Sources */,
				CD0CDAA723C676C7002EC487 /* URLParameterEncoder.swift in Sources */,
				2E51662D23AFD6C500EDF51E /* filmsstorm.xcdatamodeld in Sources */,
				CD0CDAA923C67768002EC487 /* MovieEndPoint.swift in Sources */,
				CD5E2A1C23BE591600439953 /* UseDefaultsContainer.swift in Sources */,
				CD0CDA7923C3E797002EC487 /* Controller.swift in Sources */,
				CD0CDA7823C3E797002EC487 /* RootViewGettable.swift in Sources */,
				CD0CDAA123C67627002EC487 /* JSONParameterEncoder.swift in Sources */,
				CD4F215323BA158D00EB1850 /* ReqquestToken.swift in Sources */,
				CD4F215723BAA55C00EB1850 /* SessionRequestBody.swift in Sources */,
				CD2F3C7923BE61D30047B42F /* Auth.swift in Sources */,
				CD0CDAA323C67665002EC487 /* NetworkError.swift in Sources */,
			);
			runOnlyForDeploymentPostprocessing = 0;
		};
		2E51663923AFD6CA00EDF51E /* Sources */ = {
			isa = PBXSourcesBuildPhase;
			buildActionMask = 2147483647;
			files = (
				2E51664223AFD6CA00EDF51E /* filmsstormTests.swift in Sources */,
			);
			runOnlyForDeploymentPostprocessing = 0;
		};
		2E51664423AFD6CA00EDF51E /* Sources */ = {
			isa = PBXSourcesBuildPhase;
			buildActionMask = 2147483647;
			files = (
				2E51664D23AFD6CA00EDF51E /* filmsstormUITests.swift in Sources */,
			);
			runOnlyForDeploymentPostprocessing = 0;
		};
/* End PBXSourcesBuildPhase section */

/* Begin PBXTargetDependency section */
		2E51663F23AFD6CA00EDF51E /* PBXTargetDependency */ = {
			isa = PBXTargetDependency;
			target = 2E51662323AFD6C500EDF51E /* filmsstorm */;
			targetProxy = 2E51663E23AFD6CA00EDF51E /* PBXContainerItemProxy */;
		};
		2E51664A23AFD6CA00EDF51E /* PBXTargetDependency */ = {
			isa = PBXTargetDependency;
			target = 2E51662323AFD6C500EDF51E /* filmsstorm */;
			targetProxy = 2E51664923AFD6CA00EDF51E /* PBXContainerItemProxy */;
		};
/* End PBXTargetDependency section */

/* Begin PBXVariantGroup section */
		2E51663523AFD6CA00EDF51E /* LaunchScreen.storyboard */ = {
			isa = PBXVariantGroup;
			children = (
				2E51663623AFD6CA00EDF51E /* Base */,
			);
			name = LaunchScreen.storyboard;
			sourceTree = "<group>";
		};
/* End PBXVariantGroup section */

/* Begin XCBuildConfiguration section */
		2E51664F23AFD6CA00EDF51E /* Debug */ = {
			isa = XCBuildConfiguration;
			buildSettings = {
				ALWAYS_SEARCH_USER_PATHS = NO;
				CLANG_ANALYZER_NONNULL = YES;
				CLANG_ANALYZER_NUMBER_OBJECT_CONVERSION = YES_AGGRESSIVE;
				CLANG_CXX_LANGUAGE_STANDARD = "gnu++14";
				CLANG_CXX_LIBRARY = "libc++";
				CLANG_ENABLE_MODULES = YES;
				CLANG_ENABLE_OBJC_ARC = YES;
				CLANG_ENABLE_OBJC_WEAK = YES;
				CLANG_WARN_BLOCK_CAPTURE_AUTORELEASING = YES;
				CLANG_WARN_BOOL_CONVERSION = YES;
				CLANG_WARN_COMMA = YES;
				CLANG_WARN_CONSTANT_CONVERSION = YES;
				CLANG_WARN_DEPRECATED_OBJC_IMPLEMENTATIONS = YES;
				CLANG_WARN_DIRECT_OBJC_ISA_USAGE = YES_ERROR;
				CLANG_WARN_DOCUMENTATION_COMMENTS = YES;
				CLANG_WARN_EMPTY_BODY = YES;
				CLANG_WARN_ENUM_CONVERSION = YES;
				CLANG_WARN_INFINITE_RECURSION = YES;
				CLANG_WARN_INT_CONVERSION = YES;
				CLANG_WARN_NON_LITERAL_NULL_CONVERSION = YES;
				CLANG_WARN_OBJC_IMPLICIT_RETAIN_SELF = YES;
				CLANG_WARN_OBJC_LITERAL_CONVERSION = YES;
				CLANG_WARN_OBJC_ROOT_CLASS = YES_ERROR;
				CLANG_WARN_RANGE_LOOP_ANALYSIS = YES;
				CLANG_WARN_STRICT_PROTOTYPES = YES;
				CLANG_WARN_SUSPICIOUS_MOVE = YES;
				CLANG_WARN_UNGUARDED_AVAILABILITY = YES_AGGRESSIVE;
				CLANG_WARN_UNREACHABLE_CODE = YES;
				CLANG_WARN__DUPLICATE_METHOD_MATCH = YES;
				COPY_PHASE_STRIP = NO;
				DEBUG_INFORMATION_FORMAT = dwarf;
				ENABLE_STRICT_OBJC_MSGSEND = YES;
				ENABLE_TESTABILITY = YES;
				GCC_C_LANGUAGE_STANDARD = gnu11;
				GCC_DYNAMIC_NO_PIC = NO;
				GCC_NO_COMMON_BLOCKS = YES;
				GCC_OPTIMIZATION_LEVEL = 0;
				GCC_PREPROCESSOR_DEFINITIONS = (
					"DEBUG=1",
					"$(inherited)",
				);
				GCC_WARN_64_TO_32_BIT_CONVERSION = YES;
				GCC_WARN_ABOUT_RETURN_TYPE = YES_ERROR;
				GCC_WARN_UNDECLARED_SELECTOR = YES;
				GCC_WARN_UNINITIALIZED_AUTOS = YES_AGGRESSIVE;
				GCC_WARN_UNUSED_FUNCTION = YES;
				GCC_WARN_UNUSED_VARIABLE = YES;
				IPHONEOS_DEPLOYMENT_TARGET = 13.2;
				MTL_ENABLE_DEBUG_INFO = INCLUDE_SOURCE;
				MTL_FAST_MATH = YES;
				ONLY_ACTIVE_ARCH = YES;
				SDKROOT = iphoneos;
				SWIFT_ACTIVE_COMPILATION_CONDITIONS = DEBUG;
				SWIFT_OPTIMIZATION_LEVEL = "-Onone";
			};
			name = Debug;
		};
		2E51665023AFD6CA00EDF51E /* Release */ = {
			isa = XCBuildConfiguration;
			buildSettings = {
				ALWAYS_SEARCH_USER_PATHS = NO;
				CLANG_ANALYZER_NONNULL = YES;
				CLANG_ANALYZER_NUMBER_OBJECT_CONVERSION = YES_AGGRESSIVE;
				CLANG_CXX_LANGUAGE_STANDARD = "gnu++14";
				CLANG_CXX_LIBRARY = "libc++";
				CLANG_ENABLE_MODULES = YES;
				CLANG_ENABLE_OBJC_ARC = YES;
				CLANG_ENABLE_OBJC_WEAK = YES;
				CLANG_WARN_BLOCK_CAPTURE_AUTORELEASING = YES;
				CLANG_WARN_BOOL_CONVERSION = YES;
				CLANG_WARN_COMMA = YES;
				CLANG_WARN_CONSTANT_CONVERSION = YES;
				CLANG_WARN_DEPRECATED_OBJC_IMPLEMENTATIONS = YES;
				CLANG_WARN_DIRECT_OBJC_ISA_USAGE = YES_ERROR;
				CLANG_WARN_DOCUMENTATION_COMMENTS = YES;
				CLANG_WARN_EMPTY_BODY = YES;
				CLANG_WARN_ENUM_CONVERSION = YES;
				CLANG_WARN_INFINITE_RECURSION = YES;
				CLANG_WARN_INT_CONVERSION = YES;
				CLANG_WARN_NON_LITERAL_NULL_CONVERSION = YES;
				CLANG_WARN_OBJC_IMPLICIT_RETAIN_SELF = YES;
				CLANG_WARN_OBJC_LITERAL_CONVERSION = YES;
				CLANG_WARN_OBJC_ROOT_CLASS = YES_ERROR;
				CLANG_WARN_RANGE_LOOP_ANALYSIS = YES;
				CLANG_WARN_STRICT_PROTOTYPES = YES;
				CLANG_WARN_SUSPICIOUS_MOVE = YES;
				CLANG_WARN_UNGUARDED_AVAILABILITY = YES_AGGRESSIVE;
				CLANG_WARN_UNREACHABLE_CODE = YES;
				CLANG_WARN__DUPLICATE_METHOD_MATCH = YES;
				COPY_PHASE_STRIP = NO;
				DEBUG_INFORMATION_FORMAT = "dwarf-with-dsym";
				ENABLE_NS_ASSERTIONS = NO;
				ENABLE_STRICT_OBJC_MSGSEND = YES;
				GCC_C_LANGUAGE_STANDARD = gnu11;
				GCC_NO_COMMON_BLOCKS = YES;
				GCC_WARN_64_TO_32_BIT_CONVERSION = YES;
				GCC_WARN_ABOUT_RETURN_TYPE = YES_ERROR;
				GCC_WARN_UNDECLARED_SELECTOR = YES;
				GCC_WARN_UNINITIALIZED_AUTOS = YES_AGGRESSIVE;
				GCC_WARN_UNUSED_FUNCTION = YES;
				GCC_WARN_UNUSED_VARIABLE = YES;
				IPHONEOS_DEPLOYMENT_TARGET = 13.2;
				MTL_ENABLE_DEBUG_INFO = NO;
				MTL_FAST_MATH = YES;
				SDKROOT = iphoneos;
				SWIFT_COMPILATION_MODE = wholemodule;
				SWIFT_OPTIMIZATION_LEVEL = "-O";
				VALIDATE_PRODUCT = YES;
			};
			name = Release;
		};
		2E51665223AFD6CA00EDF51E /* Debug */ = {
			isa = XCBuildConfiguration;
			baseConfigurationReference = 17795471C3F63797511534BD /* Pods-filmsstorm.debug.xcconfig */;
			buildSettings = {
				ASSETCATALOG_COMPILER_APPICON_NAME = AppIcon;
				CODE_SIGN_STYLE = Automatic;
				DEVELOPMENT_ASSET_PATHS = "\"filmsstorm/Preview Content\"";
				ENABLE_PREVIEWS = YES;
				INFOPLIST_FILE = filmsstorm/Info.plist;
				IPHONEOS_DEPLOYMENT_TARGET = 13.0;
				LD_RUNPATH_SEARCH_PATHS = (
					"$(inherited)",
					"@executable_path/Frameworks",
				);
				PRODUCT_BUNDLE_IDENTIFIER = com.vorotchenko.filmsstorm;
				PRODUCT_NAME = "$(TARGET_NAME)";
				SWIFT_VERSION = 5.0;
				TARGETED_DEVICE_FAMILY = 1;
			};
			name = Debug;
		};
		2E51665323AFD6CA00EDF51E /* Release */ = {
			isa = XCBuildConfiguration;
			baseConfigurationReference = F49330B6ECFAEA477A36F2CE /* Pods-filmsstorm.release.xcconfig */;
			buildSettings = {
				ASSETCATALOG_COMPILER_APPICON_NAME = AppIcon;
				CODE_SIGN_STYLE = Automatic;
				DEVELOPMENT_ASSET_PATHS = "\"filmsstorm/Preview Content\"";
				ENABLE_PREVIEWS = YES;
				INFOPLIST_FILE = filmsstorm/Info.plist;
				IPHONEOS_DEPLOYMENT_TARGET = 13.0;
				LD_RUNPATH_SEARCH_PATHS = (
					"$(inherited)",
					"@executable_path/Frameworks",
				);
				PRODUCT_BUNDLE_IDENTIFIER = com.vorotchenko.filmsstorm;
				PRODUCT_NAME = "$(TARGET_NAME)";
				SWIFT_VERSION = 5.0;
				TARGETED_DEVICE_FAMILY = 1;
			};
			name = Release;
		};
		2E51665523AFD6CA00EDF51E /* Debug */ = {
			isa = XCBuildConfiguration;
			baseConfigurationReference = 968C53E6688A83988E9A0DE1 /* Pods-filmsstormTests.debug.xcconfig */;
			buildSettings = {
				ALWAYS_EMBED_SWIFT_STANDARD_LIBRARIES = YES;
				BUNDLE_LOADER = "$(TEST_HOST)";
				CODE_SIGN_STYLE = Automatic;
				INFOPLIST_FILE = filmsstormTests/Info.plist;
				IPHONEOS_DEPLOYMENT_TARGET = 13.2;
				LD_RUNPATH_SEARCH_PATHS = (
					"$(inherited)",
					"@executable_path/Frameworks",
					"@loader_path/Frameworks",
				);
				PRODUCT_BUNDLE_IDENTIFIER = com.vorotchenko.filmsstormTests;
				PRODUCT_NAME = "$(TARGET_NAME)";
				SWIFT_VERSION = 5.0;
				TARGETED_DEVICE_FAMILY = "1,2";
				TEST_HOST = "$(BUILT_PRODUCTS_DIR)/filmsstorm.app/filmsstorm";
			};
			name = Debug;
		};
		2E51665623AFD6CA00EDF51E /* Release */ = {
			isa = XCBuildConfiguration;
			baseConfigurationReference = EA79238A8EC29AB9C6DB940C /* Pods-filmsstormTests.release.xcconfig */;
			buildSettings = {
				ALWAYS_EMBED_SWIFT_STANDARD_LIBRARIES = YES;
				BUNDLE_LOADER = "$(TEST_HOST)";
				CODE_SIGN_STYLE = Automatic;
				INFOPLIST_FILE = filmsstormTests/Info.plist;
				IPHONEOS_DEPLOYMENT_TARGET = 13.2;
				LD_RUNPATH_SEARCH_PATHS = (
					"$(inherited)",
					"@executable_path/Frameworks",
					"@loader_path/Frameworks",
				);
				PRODUCT_BUNDLE_IDENTIFIER = com.vorotchenko.filmsstormTests;
				PRODUCT_NAME = "$(TARGET_NAME)";
				SWIFT_VERSION = 5.0;
				TARGETED_DEVICE_FAMILY = "1,2";
				TEST_HOST = "$(BUILT_PRODUCTS_DIR)/filmsstorm.app/filmsstorm";
			};
			name = Release;
		};
		2E51665823AFD6CA00EDF51E /* Debug */ = {
			isa = XCBuildConfiguration;
			baseConfigurationReference = 61EAC7A62E40AF84DB9BB78E /* Pods-filmsstorm-filmsstormUITests.debug.xcconfig */;
			buildSettings = {
				ALWAYS_EMBED_SWIFT_STANDARD_LIBRARIES = YES;
				CODE_SIGN_STYLE = Automatic;
				INFOPLIST_FILE = filmsstormUITests/Info.plist;
				LD_RUNPATH_SEARCH_PATHS = (
					"$(inherited)",
					"@executable_path/Frameworks",
					"@loader_path/Frameworks",
				);
				PRODUCT_BUNDLE_IDENTIFIER = com.vorotchenko.filmsstormUITests;
				PRODUCT_NAME = "$(TARGET_NAME)";
				SWIFT_VERSION = 5.0;
				TARGETED_DEVICE_FAMILY = "1,2";
				TEST_TARGET_NAME = filmsstorm;
			};
			name = Debug;
		};
		2E51665923AFD6CA00EDF51E /* Release */ = {
			isa = XCBuildConfiguration;
			baseConfigurationReference = A5B7186A6F196DB03D981431 /* Pods-filmsstorm-filmsstormUITests.release.xcconfig */;
			buildSettings = {
				ALWAYS_EMBED_SWIFT_STANDARD_LIBRARIES = YES;
				CODE_SIGN_STYLE = Automatic;
				INFOPLIST_FILE = filmsstormUITests/Info.plist;
				LD_RUNPATH_SEARCH_PATHS = (
					"$(inherited)",
					"@executable_path/Frameworks",
					"@loader_path/Frameworks",
				);
				PRODUCT_BUNDLE_IDENTIFIER = com.vorotchenko.filmsstormUITests;
				PRODUCT_NAME = "$(TARGET_NAME)";
				SWIFT_VERSION = 5.0;
				TARGETED_DEVICE_FAMILY = "1,2";
				TEST_TARGET_NAME = filmsstorm;
			};
			name = Release;
		};
/* End XCBuildConfiguration section */

/* Begin XCConfigurationList section */
		2E51661F23AFD6C500EDF51E /* Build configuration list for PBXProject "filmsstorm" */ = {
			isa = XCConfigurationList;
			buildConfigurations = (
				2E51664F23AFD6CA00EDF51E /* Debug */,
				2E51665023AFD6CA00EDF51E /* Release */,
			);
			defaultConfigurationIsVisible = 0;
			defaultConfigurationName = Release;
		};
		2E51665123AFD6CA00EDF51E /* Build configuration list for PBXNativeTarget "filmsstorm" */ = {
			isa = XCConfigurationList;
			buildConfigurations = (
				2E51665223AFD6CA00EDF51E /* Debug */,
				2E51665323AFD6CA00EDF51E /* Release */,
			);
			defaultConfigurationIsVisible = 0;
			defaultConfigurationName = Release;
		};
		2E51665423AFD6CA00EDF51E /* Build configuration list for PBXNativeTarget "filmsstormTests" */ = {
			isa = XCConfigurationList;
			buildConfigurations = (
				2E51665523AFD6CA00EDF51E /* Debug */,
				2E51665623AFD6CA00EDF51E /* Release */,
			);
			defaultConfigurationIsVisible = 0;
			defaultConfigurationName = Release;
		};
		2E51665723AFD6CA00EDF51E /* Build configuration list for PBXNativeTarget "filmsstormUITests" */ = {
			isa = XCConfigurationList;
			buildConfigurations = (
				2E51665823AFD6CA00EDF51E /* Debug */,
				2E51665923AFD6CA00EDF51E /* Release */,
			);
			defaultConfigurationIsVisible = 0;
			defaultConfigurationName = Release;
		};
/* End XCConfigurationList section */

/* Begin XCVersionGroup section */
		2E51662B23AFD6C500EDF51E /* filmsstorm.xcdatamodeld */ = {
			isa = XCVersionGroup;
			children = (
				2E51662C23AFD6C500EDF51E /* filmsstorm.xcdatamodel */,
			);
			currentVersion = 2E51662C23AFD6C500EDF51E /* filmsstorm.xcdatamodel */;
			path = filmsstorm.xcdatamodeld;
			sourceTree = "<group>";
			versionGroupType = wrapper.xcdatamodel;
		};
/* End XCVersionGroup section */
	};
	rootObject = 2E51661C23AFD6C500EDF51E /* Project object */;
}
