// !$*UTF8*$!
{
	archiveVersion = 1;
	classes = {
	};
	objectVersion = 51;
	objects = {

/* Begin PBXBuildFile section */
		05E0C8E62E7F870A5A3F334D /* Pods_filmsstorm.framework in Frameworks */ = {isa = PBXBuildFile; fileRef = 3059B4F4AC351E621267A3AC /* Pods_filmsstorm.framework */; };
		2E16981923AFE05A0002E28E /* GoogleService-Info.plist in Resources */ = {isa = PBXBuildFile; fileRef = 2E16981823AFE05A0002E28E /* GoogleService-Info.plist */; };
		2E289C8F23E8DE84001917DB /* DiscoverCollectionViewCell.swift in Sources */ = {isa = PBXBuildFile; fileRef = 2E289C8A23E8DE83001917DB /* DiscoverCollectionViewCell.swift */; };
		2E289C9023E8DE84001917DB /* DiscoverCollectionViewCell.xib in Resources */ = {isa = PBXBuildFile; fileRef = 2E289C8B23E8DE83001917DB /* DiscoverCollectionViewCell.xib */; };
		2E289C9123E8DE84001917DB /* DiscoverView.swift in Sources */ = {isa = PBXBuildFile; fileRef = 2E289C8C23E8DE83001917DB /* DiscoverView.swift */; };
		2E289C9223E8DE84001917DB /* DiscoverViewController.swift in Sources */ = {isa = PBXBuildFile; fileRef = 2E289C8D23E8DE84001917DB /* DiscoverViewController.swift */; };
		2E289C9323E8DE84001917DB /* DiscoverViewController.xib in Resources */ = {isa = PBXBuildFile; fileRef = 2E289C8E23E8DE84001917DB /* DiscoverViewController.xib */; };
		2E289C9D23E8DEBD001917DB /* UIImageView+Extensions.swift in Sources */ = {isa = PBXBuildFile; fileRef = 2E289C9623E8DEBD001917DB /* UIImageView+Extensions.swift */; };
		2E289C9E23E8DEBD001917DB /* UIViewController+Extensions.swift in Sources */ = {isa = PBXBuildFile; fileRef = 2E289C9723E8DEBD001917DB /* UIViewController+Extensions.swift */; };
		2E289C9F23E8DEBD001917DB /* UICollectionView+Extensions.swift in Sources */ = {isa = PBXBuildFile; fileRef = 2E289C9823E8DEBD001917DB /* UICollectionView+Extensions.swift */; };
		2E289CA023E8DEBD001917DB /* Optional+Extension.swift in Sources */ = {isa = PBXBuildFile; fileRef = 2E289C9A23E8DEBD001917DB /* Optional+Extension.swift */; };
		2E289CA123E8DEBD001917DB /* Functions.swift in Sources */ = {isa = PBXBuildFile; fileRef = 2E289C9C23E8DEBD001917DB /* Functions.swift */; };
		2E289CB123E8DED4001917DB /* UseDefaultsContainer.swift in Sources */ = {isa = PBXBuildFile; fileRef = 2E289CA423E8DED4001917DB /* UseDefaultsContainer.swift */; };
		2E289CB223E8DED4001917DB /* Auth.swift in Sources */ = {isa = PBXBuildFile; fileRef = 2E289CA623E8DED4001917DB /* Auth.swift */; };
		2E289CB323E8DED4001917DB /* SessionID.swift in Sources */ = {isa = PBXBuildFile; fileRef = 2E289CA823E8DED4001917DB /* SessionID.swift */; };
		2E289CB423E8DED4001917DB /* LogoutModel.swift in Sources */ = {isa = PBXBuildFile; fileRef = 2E289CA923E8DED4001917DB /* LogoutModel.swift */; };
		2E289CB523E8DED4001917DB /* UserModel.swift in Sources */ = {isa = PBXBuildFile; fileRef = 2E289CAA23E8DED4001917DB /* UserModel.swift */; };
		2E289CB623E8DED4001917DB /* PopularMoviesModel.swift in Sources */ = {isa = PBXBuildFile; fileRef = 2E289CAB23E8DED4001917DB /* PopularMoviesModel.swift */; };
		2E289CB723E8DED4001917DB /* RequestToken.swift in Sources */ = {isa = PBXBuildFile; fileRef = 2E289CAD23E8DED4001917DB /* RequestToken.swift */; };
		2E289CB823E8DED4001917DB /* SessionRequestBody.swift in Sources */ = {isa = PBXBuildFile; fileRef = 2E289CAE23E8DED4001917DB /* SessionRequestBody.swift */; };
		2E289CB923E8DED4001917DB /* FavouriteMovieMarkBody.swift in Sources */ = {isa = PBXBuildFile; fileRef = 2E289CAF23E8DED4001917DB /* FavouriteMovieMarkBody.swift */; };
		2E289CBA23E8DED4001917DB /* AuthRequestModel.swift in Sources */ = {isa = PBXBuildFile; fileRef = 2E289CB023E8DED4001917DB /* AuthRequestModel.swift */; };
		2E289CD823E8DFCA001917DB /* Headers.swift in Sources */ = {isa = PBXBuildFile; fileRef = 2E289CBC23E8DFCA001917DB /* Headers.swift */; };
		2E289CD923E8DFCA001917DB /* ParameterEncoding.swift in Sources */ = {isa = PBXBuildFile; fileRef = 2E289CBE23E8DFCA001917DB /* ParameterEncoding.swift */; };
		2E289CDA23E8DFCA001917DB /* URLParameterEncoder.swift in Sources */ = {isa = PBXBuildFile; fileRef = 2E289CBF23E8DFCA001917DB /* URLParameterEncoder.swift */; };
		2E289CDB23E8DFCA001917DB /* JSONParameterEncoder.swift in Sources */ = {isa = PBXBuildFile; fileRef = 2E289CC023E8DFCA001917DB /* JSONParameterEncoder.swift */; };
		2E289CDC23E8DFCA001917DB /* NetworkError.swift in Sources */ = {isa = PBXBuildFile; fileRef = 2E289CC123E8DFCA001917DB /* NetworkError.swift */; };
		2E289CDD23E8DFCA001917DB /* ImageLoadingService.swift in Sources */ = {isa = PBXBuildFile; fileRef = 2E289CC323E8DFCA001917DB /* ImageLoadingService.swift */; };
		2E289CDE23E8DFCA001917DB /* NetworkManager.swift in Sources */ = {isa = PBXBuildFile; fileRef = 2E289CC523E8DFCA001917DB /* NetworkManager.swift */; };
		2E289CDF23E8DFCA001917DB /* PeopleEndPointt.swift in Sources */ = {isa = PBXBuildFile; fileRef = 2E289CC723E8DFCA001917DB /* PeopleEndPointt.swift */; };
		2E289CE023E8DFCA001917DB /* DiscoverEndPoint.swift in Sources */ = {isa = PBXBuildFile; fileRef = 2E289CC823E8DFCA001917DB /* DiscoverEndPoint.swift */; };
		2E289CE123E8DFCA001917DB /* TVSeasonEndPoint.swift in Sources */ = {isa = PBXBuildFile; fileRef = 2E289CC923E8DFCA001917DB /* TVSeasonEndPoint.swift */; };
		2E289CE223E8DFCA001917DB /* AuthEndPoint.swift in Sources */ = {isa = PBXBuildFile; fileRef = 2E289CCA23E8DFCA001917DB /* AuthEndPoint.swift */; };
		2E289CE323E8DFCA001917DB /* AccountEndPoint.swift in Sources */ = {isa = PBXBuildFile; fileRef = 2E289CCB23E8DFCA001917DB /* AccountEndPoint.swift */; };
		2E289CE423E8DFCA001917DB /* ReviewEndPoint.swift in Sources */ = {isa = PBXBuildFile; fileRef = 2E289CCC23E8DFCA001917DB /* ReviewEndPoint.swift */; };
		2E289CE523E8DFCA001917DB /* APIEndPoint.swift in Sources */ = {isa = PBXBuildFile; fileRef = 2E289CCD23E8DFCA001917DB /* APIEndPoint.swift */; };
		2E289CE623E8DFCA001917DB /* SearchEndpoint.swift in Sources */ = {isa = PBXBuildFile; fileRef = 2E289CCE23E8DFCA001917DB /* SearchEndpoint.swift */; };
		2E289CE723E8DFCA001917DB /* TVEndPoint.swift in Sources */ = {isa = PBXBuildFile; fileRef = 2E289CCF23E8DFCA001917DB /* TVEndPoint.swift */; };
		2E289CE823E8DFCA001917DB /* MovieEndPoint.swift in Sources */ = {isa = PBXBuildFile; fileRef = 2E289CD023E8DFCA001917DB /* MovieEndPoint.swift */; };
		2E289CE923E8DFCA001917DB /* NetworkRouter.swift in Sources */ = {isa = PBXBuildFile; fileRef = 2E289CD223E8DFCA001917DB /* NetworkRouter.swift */; };
		2E289CEA23E8DFCA001917DB /* HTTPTask.swift in Sources */ = {isa = PBXBuildFile; fileRef = 2E289CD323E8DFCA001917DB /* HTTPTask.swift */; };
		2E289CEB23E8DFCA001917DB /* NetworkService.swift in Sources */ = {isa = PBXBuildFile; fileRef = 2E289CD423E8DFCA001917DB /* NetworkService.swift */; };
		2E289CEC23E8DFCA001917DB /* HTTPMethod.swift in Sources */ = {isa = PBXBuildFile; fileRef = 2E289CD523E8DFCA001917DB /* HTTPMethod.swift */; };
		2E289CED23E8DFCA001917DB /* Router.swift in Sources */ = {isa = PBXBuildFile; fileRef = 2E289CD623E8DFCA001917DB /* Router.swift */; };
		2E289CEE23E8DFCA001917DB /* EndPointType.swift in Sources */ = {isa = PBXBuildFile; fileRef = 2E289CD723E8DFCA001917DB /* EndPointType.swift */; };
		2E51662823AFD6C500EDF51E /* AppDelegate.swift in Sources */ = {isa = PBXBuildFile; fileRef = 2E51662723AFD6C500EDF51E /* AppDelegate.swift */; };
		2E51662A23AFD6C500EDF51E /* SceneDelegate.swift in Sources */ = {isa = PBXBuildFile; fileRef = 2E51662923AFD6C500EDF51E /* SceneDelegate.swift */; };
		2E51662D23AFD6C500EDF51E /* filmsstorm.xcdatamodeld in Sources */ = {isa = PBXBuildFile; fileRef = 2E51662B23AFD6C500EDF51E /* filmsstorm.xcdatamodeld */; };
		2E51663123AFD6CA00EDF51E /* Assets.xcassets in Resources */ = {isa = PBXBuildFile; fileRef = 2E51663023AFD6CA00EDF51E /* Assets.xcassets */; };
		2E51663423AFD6CA00EDF51E /* Preview Assets.xcassets in Resources */ = {isa = PBXBuildFile; fileRef = 2E51663323AFD6CA00EDF51E /* Preview Assets.xcassets */; };
		2E51663723AFD6CA00EDF51E /* LaunchScreen.storyboard in Resources */ = {isa = PBXBuildFile; fileRef = 2E51663523AFD6CA00EDF51E /* LaunchScreen.storyboard */; };
		2E51664223AFD6CA00EDF51E /* filmsstormTests.swift in Sources */ = {isa = PBXBuildFile; fileRef = 2E51664123AFD6CA00EDF51E /* filmsstormTests.swift */; };
		2E51664D23AFD6CA00EDF51E /* filmsstormUITests.swift in Sources */ = {isa = PBXBuildFile; fileRef = 2E51664C23AFD6CA00EDF51E /* filmsstormUITests.swift */; };
		469C6416D289E0B85DA0A0E3 /* Pods_filmsstorm_filmsstormUITests.framework in Frameworks */ = {isa = PBXBuildFile; fileRef = 33002DD3D9293DAE1A68201E /* Pods_filmsstorm_filmsstormUITests.framework */; };
		CD0CDA7823C3E797002EC487 /* RootViewGettable.swift in Sources */ = {isa = PBXBuildFile; fileRef = CD0CDA7423C3E797002EC487 /* RootViewGettable.swift */; };
		CD0CDA7923C3E797002EC487 /* Controller.swift in Sources */ = {isa = PBXBuildFile; fileRef = CD0CDA7623C3E797002EC487 /* Controller.swift */; };
		CD0CDA7A23C3E797002EC487 /* Coordinator.swift in Sources */ = {isa = PBXBuildFile; fileRef = CD0CDA7723C3E797002EC487 /* Coordinator.swift */; };
		CD38AD9523F09C91005DC50B /* AboutViewController.swift in Sources */ = {isa = PBXBuildFile; fileRef = CD38AD9323F09C91005DC50B /* AboutViewController.swift */; };
		CD38AD9623F09C91005DC50B /* AboutViewController.xib in Resources */ = {isa = PBXBuildFile; fileRef = CD38AD9423F09C91005DC50B /* AboutViewController.xib */; };
		CD38AD9823F0A096005DC50B /* AboutView.swift in Sources */ = {isa = PBXBuildFile; fileRef = CD38AD9723F0A096005DC50B /* AboutView.swift */; };
		CD499B6323E4715D00BF0545 /* TabBarContainer.swift in Sources */ = {isa = PBXBuildFile; fileRef = CD499B6223E4715D00BF0545 /* TabBarContainer.swift */; };
		CD4DB86F23EC5EC800F53B28 /* ProfileFlowCoordinator.swift in Sources */ = {isa = PBXBuildFile; fileRef = CD4DB86E23EC5EC800F53B28 /* ProfileFlowCoordinator.swift */; };
		CD4DB87323EC5F3D00F53B28 /* ProfileViewController.swift in Sources */ = {isa = PBXBuildFile; fileRef = CD4DB87123EC5F3D00F53B28 /* ProfileViewController.swift */; };
		CD4DB87423EC5F3D00F53B28 /* ProfileViewController.xib in Resources */ = {isa = PBXBuildFile; fileRef = CD4DB87223EC5F3D00F53B28 /* ProfileViewController.xib */; };
		CD4DB87623EC5F6700F53B28 /* ProfileView.swift in Sources */ = {isa = PBXBuildFile; fileRef = CD4DB87523EC5F6700F53B28 /* ProfileView.swift */; };
		CD536EF723E36034000FEE79 /* DiscoverFlowCoordinator.swift in Sources */ = {isa = PBXBuildFile; fileRef = CD536EF623E36034000FEE79 /* DiscoverFlowCoordinator.swift */; };
		CD53CDB823D631C000E16E2E /* ActivityView.swift in Sources */ = {isa = PBXBuildFile; fileRef = CD53CDB723D631C000E16E2E /* ActivityView.swift */; };
		CD7E748623D8F3450097F198 /* AppEventSource.swift in Sources */ = {isa = PBXBuildFile; fileRef = CD7E748523D8F3450097F198 /* AppEventSource.swift */; };
		CDB8791723B900D80099F946 /* AuthorizationViewController.swift in Sources */ = {isa = PBXBuildFile; fileRef = CDB8791523B900D80099F946 /* AuthorizationViewController.swift */; };
		CDB8791823B900D80099F946 /* AuthorizationViewController.xib in Resources */ = {isa = PBXBuildFile; fileRef = CDB8791623B900D80099F946 /* AuthorizationViewController.xib */; };
		CDB8791E23B901F20099F946 /* AuthorizationView.swift in Sources */ = {isa = PBXBuildFile; fileRef = CDB8791D23B901F20099F946 /* AuthorizationView.swift */; };
		CDB8792223B909040099F946 /* AppConfigurator.swift in Sources */ = {isa = PBXBuildFile; fileRef = CDB8792123B909040099F946 /* AppConfigurator.swift */; };
		CDB8792423B93C240099F946 /* LoginFlowCoordinator.swift in Sources */ = {isa = PBXBuildFile; fileRef = CDB8792323B93C240099F946 /* LoginFlowCoordinator.swift */; };
		EF69E43B310A0AD220DE1C48 /* Pods_filmsstormTests.framework in Frameworks */ = {isa = PBXBuildFile; fileRef = 3E3AA44BFE965E894CADF19A /* Pods_filmsstormTests.framework */; };
/* End PBXBuildFile section */

/* Begin PBXContainerItemProxy section */
		2E51663E23AFD6CA00EDF51E /* PBXContainerItemProxy */ = {
			isa = PBXContainerItemProxy;
			containerPortal = 2E51661C23AFD6C500EDF51E /* Project object */;
			proxyType = 1;
			remoteGlobalIDString = 2E51662323AFD6C500EDF51E;
			remoteInfo = filmsstorm;
		};
		2E51664923AFD6CA00EDF51E /* PBXContainerItemProxy */ = {
			isa = PBXContainerItemProxy;
			containerPortal = 2E51661C23AFD6C500EDF51E /* Project object */;
			proxyType = 1;
			remoteGlobalIDString = 2E51662323AFD6C500EDF51E;
			remoteInfo = filmsstorm;
		};
/* End PBXContainerItemProxy section */

/* Begin PBXFileReference section */
		17795471C3F63797511534BD /* Pods-filmsstorm.debug.xcconfig */ = {isa = PBXFileReference; includeInIndex = 1; lastKnownFileType = text.xcconfig; name = "Pods-filmsstorm.debug.xcconfig"; path = "Target Support Files/Pods-filmsstorm/Pods-filmsstorm.debug.xcconfig"; sourceTree = "<group>"; };
		2E16981823AFE05A0002E28E /* GoogleService-Info.plist */ = {isa = PBXFileReference; fileEncoding = 4; lastKnownFileType = text.plist.xml; path = "GoogleService-Info.plist"; sourceTree = "<group>"; };
		2E289C8A23E8DE83001917DB /* DiscoverCollectionViewCell.swift */ = {isa = PBXFileReference; fileEncoding = 4; lastKnownFileType = sourcecode.swift; path = DiscoverCollectionViewCell.swift; sourceTree = "<group>"; };
		2E289C8B23E8DE83001917DB /* DiscoverCollectionViewCell.xib */ = {isa = PBXFileReference; fileEncoding = 4; lastKnownFileType = file.xib; path = DiscoverCollectionViewCell.xib; sourceTree = "<group>"; };
		2E289C8C23E8DE83001917DB /* DiscoverView.swift */ = {isa = PBXFileReference; fileEncoding = 4; lastKnownFileType = sourcecode.swift; path = DiscoverView.swift; sourceTree = "<group>"; };
		2E289C8D23E8DE84001917DB /* DiscoverViewController.swift */ = {isa = PBXFileReference; fileEncoding = 4; lastKnownFileType = sourcecode.swift; path = DiscoverViewController.swift; sourceTree = "<group>"; };
		2E289C8E23E8DE84001917DB /* DiscoverViewController.xib */ = {isa = PBXFileReference; fileEncoding = 4; lastKnownFileType = file.xib; path = DiscoverViewController.xib; sourceTree = "<group>"; };
		2E289C9623E8DEBD001917DB /* UIImageView+Extensions.swift */ = {isa = PBXFileReference; fileEncoding = 4; lastKnownFileType = sourcecode.swift; path = "UIImageView+Extensions.swift"; sourceTree = "<group>"; };
		2E289C9723E8DEBD001917DB /* UIViewController+Extensions.swift */ = {isa = PBXFileReference; fileEncoding = 4; lastKnownFileType = sourcecode.swift; path = "UIViewController+Extensions.swift"; sourceTree = "<group>"; };
		2E289C9823E8DEBD001917DB /* UICollectionView+Extensions.swift */ = {isa = PBXFileReference; fileEncoding = 4; lastKnownFileType = sourcecode.swift; path = "UICollectionView+Extensions.swift"; sourceTree = "<group>"; };
		2E289C9A23E8DEBD001917DB /* Optional+Extension.swift */ = {isa = PBXFileReference; fileEncoding = 4; lastKnownFileType = sourcecode.swift; path = "Optional+Extension.swift"; sourceTree = "<group>"; };
		2E289C9C23E8DEBD001917DB /* Functions.swift */ = {isa = PBXFileReference; fileEncoding = 4; lastKnownFileType = sourcecode.swift; path = Functions.swift; sourceTree = "<group>"; };
		2E289CA423E8DED4001917DB /* UseDefaultsContainer.swift */ = {isa = PBXFileReference; fileEncoding = 4; lastKnownFileType = sourcecode.swift; path = UseDefaultsContainer.swift; sourceTree = "<group>"; };
		2E289CA623E8DED4001917DB /* Auth.swift */ = {isa = PBXFileReference; fileEncoding = 4; lastKnownFileType = sourcecode.swift; path = Auth.swift; sourceTree = "<group>"; };
		2E289CA823E8DED4001917DB /* SessionID.swift */ = {isa = PBXFileReference; fileEncoding = 4; lastKnownFileType = sourcecode.swift; path = SessionID.swift; sourceTree = "<group>"; };
		2E289CA923E8DED4001917DB /* LogoutModel.swift */ = {isa = PBXFileReference; fileEncoding = 4; lastKnownFileType = sourcecode.swift; path = LogoutModel.swift; sourceTree = "<group>"; };
		2E289CAA23E8DED4001917DB /* UserModel.swift */ = {isa = PBXFileReference; fileEncoding = 4; lastKnownFileType = sourcecode.swift; path = UserModel.swift; sourceTree = "<group>"; };
		2E289CAB23E8DED4001917DB /* PopularMoviesModel.swift */ = {isa = PBXFileReference; fileEncoding = 4; lastKnownFileType = sourcecode.swift; path = PopularMoviesModel.swift; sourceTree = "<group>"; };
		2E289CAD23E8DED4001917DB /* RequestToken.swift */ = {isa = PBXFileReference; fileEncoding = 4; lastKnownFileType = sourcecode.swift; path = RequestToken.swift; sourceTree = "<group>"; };
		2E289CAE23E8DED4001917DB /* SessionRequestBody.swift */ = {isa = PBXFileReference; fileEncoding = 4; lastKnownFileType = sourcecode.swift; path = SessionRequestBody.swift; sourceTree = "<group>"; };
		2E289CAF23E8DED4001917DB /* FavouriteMovieMarkBody.swift */ = {isa = PBXFileReference; fileEncoding = 4; lastKnownFileType = sourcecode.swift; path = FavouriteMovieMarkBody.swift; sourceTree = "<group>"; };
		2E289CB023E8DED4001917DB /* AuthRequestModel.swift */ = {isa = PBXFileReference; fileEncoding = 4; lastKnownFileType = sourcecode.swift; path = AuthRequestModel.swift; sourceTree = "<group>"; };
		2E289CBC23E8DFCA001917DB /* Headers.swift */ = {isa = PBXFileReference; fileEncoding = 4; lastKnownFileType = sourcecode.swift; path = Headers.swift; sourceTree = "<group>"; };
		2E289CBE23E8DFCA001917DB /* ParameterEncoding.swift */ = {isa = PBXFileReference; fileEncoding = 4; lastKnownFileType = sourcecode.swift; path = ParameterEncoding.swift; sourceTree = "<group>"; };
		2E289CBF23E8DFCA001917DB /* URLParameterEncoder.swift */ = {isa = PBXFileReference; fileEncoding = 4; lastKnownFileType = sourcecode.swift; path = URLParameterEncoder.swift; sourceTree = "<group>"; };
		2E289CC023E8DFCA001917DB /* JSONParameterEncoder.swift */ = {isa = PBXFileReference; fileEncoding = 4; lastKnownFileType = sourcecode.swift; path = JSONParameterEncoder.swift; sourceTree = "<group>"; };
		2E289CC123E8DFCA001917DB /* NetworkError.swift */ = {isa = PBXFileReference; fileEncoding = 4; lastKnownFileType = sourcecode.swift; path = NetworkError.swift; sourceTree = "<group>"; };
		2E289CC323E8DFCA001917DB /* ImageLoadingService.swift */ = {isa = PBXFileReference; fileEncoding = 4; lastKnownFileType = sourcecode.swift; path = ImageLoadingService.swift; sourceTree = "<group>"; };
		2E289CC523E8DFCA001917DB /* NetworkManager.swift */ = {isa = PBXFileReference; fileEncoding = 4; lastKnownFileType = sourcecode.swift; path = NetworkManager.swift; sourceTree = "<group>"; };
		2E289CC723E8DFCA001917DB /* PeopleEndPointt.swift */ = {isa = PBXFileReference; fileEncoding = 4; lastKnownFileType = sourcecode.swift; path = PeopleEndPointt.swift; sourceTree = "<group>"; };
		2E289CC823E8DFCA001917DB /* DiscoverEndPoint.swift */ = {isa = PBXFileReference; fileEncoding = 4; lastKnownFileType = sourcecode.swift; path = DiscoverEndPoint.swift; sourceTree = "<group>"; };
		2E289CC923E8DFCA001917DB /* TVSeasonEndPoint.swift */ = {isa = PBXFileReference; fileEncoding = 4; lastKnownFileType = sourcecode.swift; path = TVSeasonEndPoint.swift; sourceTree = "<group>"; };
		2E289CCA23E8DFCA001917DB /* AuthEndPoint.swift */ = {isa = PBXFileReference; fileEncoding = 4; lastKnownFileType = sourcecode.swift; path = AuthEndPoint.swift; sourceTree = "<group>"; };
		2E289CCB23E8DFCA001917DB /* AccountEndPoint.swift */ = {isa = PBXFileReference; fileEncoding = 4; lastKnownFileType = sourcecode.swift; path = AccountEndPoint.swift; sourceTree = "<group>"; };
		2E289CCC23E8DFCA001917DB /* ReviewEndPoint.swift */ = {isa = PBXFileReference; fileEncoding = 4; lastKnownFileType = sourcecode.swift; path = ReviewEndPoint.swift; sourceTree = "<group>"; };
		2E289CCD23E8DFCA001917DB /* APIEndPoint.swift */ = {isa = PBXFileReference; fileEncoding = 4; lastKnownFileType = sourcecode.swift; path = APIEndPoint.swift; sourceTree = "<group>"; };
		2E289CCE23E8DFCA001917DB /* SearchEndpoint.swift */ = {isa = PBXFileReference; fileEncoding = 4; lastKnownFileType = sourcecode.swift; path = SearchEndpoint.swift; sourceTree = "<group>"; };
		2E289CCF23E8DFCA001917DB /* TVEndPoint.swift */ = {isa = PBXFileReference; fileEncoding = 4; lastKnownFileType = sourcecode.swift; path = TVEndPoint.swift; sourceTree = "<group>"; };
		2E289CD023E8DFCA001917DB /* MovieEndPoint.swift */ = {isa = PBXFileReference; fileEncoding = 4; lastKnownFileType = sourcecode.swift; path = MovieEndPoint.swift; sourceTree = "<group>"; };
		2E289CD223E8DFCA001917DB /* NetworkRouter.swift */ = {isa = PBXFileReference; fileEncoding = 4; lastKnownFileType = sourcecode.swift; path = NetworkRouter.swift; sourceTree = "<group>"; };
		2E289CD323E8DFCA001917DB /* HTTPTask.swift */ = {isa = PBXFileReference; fileEncoding = 4; lastKnownFileType = sourcecode.swift; path = HTTPTask.swift; sourceTree = "<group>"; };
		2E289CD423E8DFCA001917DB /* NetworkService.swift */ = {isa = PBXFileReference; fileEncoding = 4; lastKnownFileType = sourcecode.swift; path = NetworkService.swift; sourceTree = "<group>"; };
		2E289CD523E8DFCA001917DB /* HTTPMethod.swift */ = {isa = PBXFileReference; fileEncoding = 4; lastKnownFileType = sourcecode.swift; path = HTTPMethod.swift; sourceTree = "<group>"; };
		2E289CD623E8DFCA001917DB /* Router.swift */ = {isa = PBXFileReference; fileEncoding = 4; lastKnownFileType = sourcecode.swift; path = Router.swift; sourceTree = "<group>"; };
		2E289CD723E8DFCA001917DB /* EndPointType.swift */ = {isa = PBXFileReference; fileEncoding = 4; lastKnownFileType = sourcecode.swift; path = EndPointType.swift; sourceTree = "<group>"; };
		2E51662423AFD6C500EDF51E /* filmsstorm.app */ = {isa = PBXFileReference; explicitFileType = wrapper.application; includeInIndex = 0; path = filmsstorm.app; sourceTree = BUILT_PRODUCTS_DIR; };
		2E51662723AFD6C500EDF51E /* AppDelegate.swift */ = {isa = PBXFileReference; lastKnownFileType = sourcecode.swift; path = AppDelegate.swift; sourceTree = "<group>"; };
		2E51662923AFD6C500EDF51E /* SceneDelegate.swift */ = {isa = PBXFileReference; lastKnownFileType = sourcecode.swift; path = SceneDelegate.swift; sourceTree = "<group>"; };
		2E51662C23AFD6C500EDF51E /* filmsstorm.xcdatamodel */ = {isa = PBXFileReference; lastKnownFileType = wrapper.xcdatamodel; path = filmsstorm.xcdatamodel; sourceTree = "<group>"; };
		2E51663023AFD6CA00EDF51E /* Assets.xcassets */ = {isa = PBXFileReference; lastKnownFileType = folder.assetcatalog; path = Assets.xcassets; sourceTree = "<group>"; };
		2E51663323AFD6CA00EDF51E /* Preview Assets.xcassets */ = {isa = PBXFileReference; lastKnownFileType = folder.assetcatalog; path = "Preview Assets.xcassets"; sourceTree = "<group>"; };
		2E51663623AFD6CA00EDF51E /* Base */ = {isa = PBXFileReference; lastKnownFileType = file.storyboard; name = Base; path = Base.lproj/LaunchScreen.storyboard; sourceTree = "<group>"; };
		2E51663823AFD6CA00EDF51E /* Info.plist */ = {isa = PBXFileReference; lastKnownFileType = text.plist.xml; path = Info.plist; sourceTree = "<group>"; };
		2E51663D23AFD6CA00EDF51E /* filmsstormTests.xctest */ = {isa = PBXFileReference; explicitFileType = wrapper.cfbundle; includeInIndex = 0; path = filmsstormTests.xctest; sourceTree = BUILT_PRODUCTS_DIR; };
		2E51664123AFD6CA00EDF51E /* filmsstormTests.swift */ = {isa = PBXFileReference; lastKnownFileType = sourcecode.swift; path = filmsstormTests.swift; sourceTree = "<group>"; };
		2E51664323AFD6CA00EDF51E /* Info.plist */ = {isa = PBXFileReference; lastKnownFileType = text.plist.xml; path = Info.plist; sourceTree = "<group>"; };
		2E51664823AFD6CA00EDF51E /* filmsstormUITests.xctest */ = {isa = PBXFileReference; explicitFileType = wrapper.cfbundle; includeInIndex = 0; path = filmsstormUITests.xctest; sourceTree = BUILT_PRODUCTS_DIR; };
		2E51664C23AFD6CA00EDF51E /* filmsstormUITests.swift */ = {isa = PBXFileReference; lastKnownFileType = sourcecode.swift; path = filmsstormUITests.swift; sourceTree = "<group>"; };
		2E51664E23AFD6CA00EDF51E /* Info.plist */ = {isa = PBXFileReference; lastKnownFileType = text.plist.xml; path = Info.plist; sourceTree = "<group>"; };
		3059B4F4AC351E621267A3AC /* Pods_filmsstorm.framework */ = {isa = PBXFileReference; explicitFileType = wrapper.framework; includeInIndex = 0; path = Pods_filmsstorm.framework; sourceTree = BUILT_PRODUCTS_DIR; };
		33002DD3D9293DAE1A68201E /* Pods_filmsstorm_filmsstormUITests.framework */ = {isa = PBXFileReference; explicitFileType = wrapper.framework; includeInIndex = 0; path = Pods_filmsstorm_filmsstormUITests.framework; sourceTree = BUILT_PRODUCTS_DIR; };
		3E3AA44BFE965E894CADF19A /* Pods_filmsstormTests.framework */ = {isa = PBXFileReference; explicitFileType = wrapper.framework; includeInIndex = 0; path = Pods_filmsstormTests.framework; sourceTree = BUILT_PRODUCTS_DIR; };
		61EAC7A62E40AF84DB9BB78E /* Pods-filmsstorm-filmsstormUITests.debug.xcconfig */ = {isa = PBXFileReference; includeInIndex = 1; lastKnownFileType = text.xcconfig; name = "Pods-filmsstorm-filmsstormUITests.debug.xcconfig"; path = "Target Support Files/Pods-filmsstorm-filmsstormUITests/Pods-filmsstorm-filmsstormUITests.debug.xcconfig"; sourceTree = "<group>"; };
		968C53E6688A83988E9A0DE1 /* Pods-filmsstormTests.debug.xcconfig */ = {isa = PBXFileReference; includeInIndex = 1; lastKnownFileType = text.xcconfig; name = "Pods-filmsstormTests.debug.xcconfig"; path = "Target Support Files/Pods-filmsstormTests/Pods-filmsstormTests.debug.xcconfig"; sourceTree = "<group>"; };
		A5B7186A6F196DB03D981431 /* Pods-filmsstorm-filmsstormUITests.release.xcconfig */ = {isa = PBXFileReference; includeInIndex = 1; lastKnownFileType = text.xcconfig; name = "Pods-filmsstorm-filmsstormUITests.release.xcconfig"; path = "Target Support Files/Pods-filmsstorm-filmsstormUITests/Pods-filmsstorm-filmsstormUITests.release.xcconfig"; sourceTree = "<group>"; };
		CD0CDA7423C3E797002EC487 /* RootViewGettable.swift */ = {isa = PBXFileReference; fileEncoding = 4; lastKnownFileType = sourcecode.swift; path = RootViewGettable.swift; sourceTree = "<group>"; };
		CD0CDA7623C3E797002EC487 /* Controller.swift */ = {isa = PBXFileReference; fileEncoding = 4; lastKnownFileType = sourcecode.swift; path = Controller.swift; sourceTree = "<group>"; };
		CD0CDA7723C3E797002EC487 /* Coordinator.swift */ = {isa = PBXFileReference; fileEncoding = 4; lastKnownFileType = sourcecode.swift; path = Coordinator.swift; sourceTree = "<group>"; };
		CD38AD9323F09C91005DC50B /* AboutViewController.swift */ = {isa = PBXFileReference; lastKnownFileType = sourcecode.swift; path = AboutViewController.swift; sourceTree = "<group>"; };
		CD38AD9423F09C91005DC50B /* AboutViewController.xib */ = {isa = PBXFileReference; lastKnownFileType = file.xib; path = AboutViewController.xib; sourceTree = "<group>"; };
		CD38AD9723F0A096005DC50B /* AboutView.swift */ = {isa = PBXFileReference; lastKnownFileType = sourcecode.swift; path = AboutView.swift; sourceTree = "<group>"; };
		CD499B6223E4715D00BF0545 /* TabBarContainer.swift */ = {isa = PBXFileReference; lastKnownFileType = sourcecode.swift; path = TabBarContainer.swift; sourceTree = "<group>"; };
		CD4DB86E23EC5EC800F53B28 /* ProfileFlowCoordinator.swift */ = {isa = PBXFileReference; lastKnownFileType = sourcecode.swift; path = ProfileFlowCoordinator.swift; sourceTree = "<group>"; };
		CD4DB87123EC5F3D00F53B28 /* ProfileViewController.swift */ = {isa = PBXFileReference; lastKnownFileType = sourcecode.swift; path = ProfileViewController.swift; sourceTree = "<group>"; };
		CD4DB87223EC5F3D00F53B28 /* ProfileViewController.xib */ = {isa = PBXFileReference; lastKnownFileType = file.xib; path = ProfileViewController.xib; sourceTree = "<group>"; };
		CD4DB87523EC5F6700F53B28 /* ProfileView.swift */ = {isa = PBXFileReference; lastKnownFileType = sourcecode.swift; path = ProfileView.swift; sourceTree = "<group>"; };
		CD536EF623E36034000FEE79 /* DiscoverFlowCoordinator.swift */ = {isa = PBXFileReference; lastKnownFileType = sourcecode.swift; path = DiscoverFlowCoordinator.swift; sourceTree = "<group>"; };
		CD53CDB723D631C000E16E2E /* ActivityView.swift */ = {isa = PBXFileReference; lastKnownFileType = sourcecode.swift; path = ActivityView.swift; sourceTree = "<group>"; };
		CD7E748523D8F3450097F198 /* AppEventSource.swift */ = {isa = PBXFileReference; lastKnownFileType = sourcecode.swift; path = AppEventSource.swift; sourceTree = "<group>"; };
		CDB8791523B900D80099F946 /* AuthorizationViewController.swift */ = {isa = PBXFileReference; lastKnownFileType = sourcecode.swift; path = AuthorizationViewController.swift; sourceTree = "<group>"; };
		CDB8791623B900D80099F946 /* AuthorizationViewController.xib */ = {isa = PBXFileReference; lastKnownFileType = file.xib; path = AuthorizationViewController.xib; sourceTree = "<group>"; };
		CDB8791D23B901F20099F946 /* AuthorizationView.swift */ = {isa = PBXFileReference; lastKnownFileType = sourcecode.swift; path = AuthorizationView.swift; sourceTree = "<group>"; };
		CDB8792123B909040099F946 /* AppConfigurator.swift */ = {isa = PBXFileReference; lastKnownFileType = sourcecode.swift; path = AppConfigurator.swift; sourceTree = "<group>"; };
		CDB8792323B93C240099F946 /* LoginFlowCoordinator.swift */ = {isa = PBXFileReference; lastKnownFileType = sourcecode.swift; path = LoginFlowCoordinator.swift; sourceTree = "<group>"; };
		EA79238A8EC29AB9C6DB940C /* Pods-filmsstormTests.release.xcconfig */ = {isa = PBXFileReference; includeInIndex = 1; lastKnownFileType = text.xcconfig; name = "Pods-filmsstormTests.release.xcconfig"; path = "Target Support Files/Pods-filmsstormTests/Pods-filmsstormTests.release.xcconfig"; sourceTree = "<group>"; };
		F49330B6ECFAEA477A36F2CE /* Pods-filmsstorm.release.xcconfig */ = {isa = PBXFileReference; includeInIndex = 1; lastKnownFileType = text.xcconfig; name = "Pods-filmsstorm.release.xcconfig"; path = "Target Support Files/Pods-filmsstorm/Pods-filmsstorm.release.xcconfig"; sourceTree = "<group>"; };
/* End PBXFileReference section */

/* Begin PBXFrameworksBuildPhase section */
		2E51662123AFD6C500EDF51E /* Frameworks */ = {
			isa = PBXFrameworksBuildPhase;
			buildActionMask = 2147483647;
			files = (
				05E0C8E62E7F870A5A3F334D /* Pods_filmsstorm.framework in Frameworks */,
			);
			runOnlyForDeploymentPostprocessing = 0;
		};
		2E51663A23AFD6CA00EDF51E /* Frameworks */ = {
			isa = PBXFrameworksBuildPhase;
			buildActionMask = 2147483647;
			files = (
				EF69E43B310A0AD220DE1C48 /* Pods_filmsstormTests.framework in Frameworks */,
			);
			runOnlyForDeploymentPostprocessing = 0;
		};
		2E51664523AFD6CA00EDF51E /* Frameworks */ = {
			isa = PBXFrameworksBuildPhase;
			buildActionMask = 2147483647;
			files = (
				469C6416D289E0B85DA0A0E3 /* Pods_filmsstorm_filmsstormUITests.framework in Frameworks */,
			);
			runOnlyForDeploymentPostprocessing = 0;
		};
/* End PBXFrameworksBuildPhase section */

/* Begin PBXGroup section */
		2E289C8823E8C3C9001917DB /* LoginFlow */ = {
			isa = PBXGroup;
			children = (
				CDB8792323B93C240099F946 /* LoginFlowCoordinator.swift */,
				CDB8791223B9001B0099F946 /* AuthorizationViewController */,
			);
			path = LoginFlow;
			sourceTree = "<group>";
		};
		2E289C8923E8DE83001917DB /* Cell */ = {
			isa = PBXGroup;
			children = (
				2E289C8A23E8DE83001917DB /* DiscoverCollectionViewCell.swift */,
				2E289C8B23E8DE83001917DB /* DiscoverCollectionViewCell.xib */,
			);
			path = Cell;
			sourceTree = "<group>";
		};
		2E289C9423E8DEBD001917DB /* Extensions */ = {
			isa = PBXGroup;
			children = (
				2E289C9523E8DEBD001917DB /* UIKit */,
				2E289C9923E8DEBD001917DB /* Foundation */,
			);
			path = Extensions;
			sourceTree = "<group>";
		};
		2E289C9523E8DEBD001917DB /* UIKit */ = {
			isa = PBXGroup;
			children = (
				2E289C9623E8DEBD001917DB /* UIImageView+Extensions.swift */,
				2E289C9723E8DEBD001917DB /* UIViewController+Extensions.swift */,
				2E289C9823E8DEBD001917DB /* UICollectionView+Extensions.swift */,
			);
			path = UIKit;
			sourceTree = "<group>";
		};
		2E289C9923E8DEBD001917DB /* Foundation */ = {
			isa = PBXGroup;
			children = (
				2E289C9A23E8DEBD001917DB /* Optional+Extension.swift */,
			);
			path = Foundation;
			sourceTree = "<group>";
		};
		2E289C9B23E8DEBD001917DB /* Functions */ = {
			isa = PBXGroup;
			children = (
				2E289C9C23E8DEBD001917DB /* Functions.swift */,
			);
			path = Functions;
			sourceTree = "<group>";
		};
		2E289CA223E8DED4001917DB /* Persistence */ = {
			isa = PBXGroup;
			children = (
				2E289CA323E8DED4001917DB /* UseDefaultsContainer */,
			);
			path = Persistence;
			sourceTree = "<group>";
		};
		2E289CA323E8DED4001917DB /* UseDefaultsContainer */ = {
			isa = PBXGroup;
			children = (
				2E289CA423E8DED4001917DB /* UseDefaultsContainer.swift */,
			);
			path = UseDefaultsContainer;
			sourceTree = "<group>";
		};
		2E289CA523E8DED4001917DB /* NetworkingModels */ = {
			isa = PBXGroup;
			children = (
				2E289CA623E8DED4001917DB /* Auth.swift */,
				2E289CA723E8DED4001917DB /* ResponseModels */,
				2E289CAC23E8DED4001917DB /* RequestModels */,
			);
			path = NetworkingModels;
			sourceTree = "<group>";
		};
		2E289CA723E8DED4001917DB /* ResponseModels */ = {
			isa = PBXGroup;
			children = (
				2E289CA823E8DED4001917DB /* SessionID.swift */,
				2E289CA923E8DED4001917DB /* LogoutModel.swift */,
				2E289CAA23E8DED4001917DB /* UserModel.swift */,
				2E289CAB23E8DED4001917DB /* PopularMoviesModel.swift */,
			);
			path = ResponseModels;
			sourceTree = "<group>";
		};
		2E289CAC23E8DED4001917DB /* RequestModels */ = {
			isa = PBXGroup;
			children = (
				2E289CAD23E8DED4001917DB /* RequestToken.swift */,
				2E289CAE23E8DED4001917DB /* SessionRequestBody.swift */,
				2E289CAF23E8DED4001917DB /* FavouriteMovieMarkBody.swift */,
				2E289CB023E8DED4001917DB /* AuthRequestModel.swift */,
			);
			path = RequestModels;
			sourceTree = "<group>";
		};
		2E289CBB23E8DFCA001917DB /* Networking */ = {
			isa = PBXGroup;
			children = (
				2E289CBC23E8DFCA001917DB /* Headers.swift */,
				2E289CBD23E8DFCA001917DB /* Encoding */,
				2E289CC223E8DFCA001917DB /* Image */,
				2E289CC423E8DFCA001917DB /* Manager */,
				2E289CC623E8DFCA001917DB /* EndPoint */,
				2E289CD123E8DFCA001917DB /* Service */,
			);
			path = Networking;
			sourceTree = "<group>";
		};
		2E289CBD23E8DFCA001917DB /* Encoding */ = {
			isa = PBXGroup;
			children = (
				2E289CBE23E8DFCA001917DB /* ParameterEncoding.swift */,
				2E289CBF23E8DFCA001917DB /* URLParameterEncoder.swift */,
				2E289CC023E8DFCA001917DB /* JSONParameterEncoder.swift */,
				2E289CC123E8DFCA001917DB /* NetworkError.swift */,
			);
			path = Encoding;
			sourceTree = "<group>";
		};
		2E289CC223E8DFCA001917DB /* Image */ = {
			isa = PBXGroup;
			children = (
				2E289CC323E8DFCA001917DB /* ImageLoadingService.swift */,
			);
			path = Image;
			sourceTree = "<group>";
		};
		2E289CC423E8DFCA001917DB /* Manager */ = {
			isa = PBXGroup;
			children = (
				2E289CC523E8DFCA001917DB /* NetworkManager.swift */,
			);
			path = Manager;
			sourceTree = "<group>";
		};
		2E289CC623E8DFCA001917DB /* EndPoint */ = {
			isa = PBXGroup;
			children = (
				2E289CC723E8DFCA001917DB /* PeopleEndPointt.swift */,
				2E289CC823E8DFCA001917DB /* DiscoverEndPoint.swift */,
				2E289CC923E8DFCA001917DB /* TVSeasonEndPoint.swift */,
				2E289CCA23E8DFCA001917DB /* AuthEndPoint.swift */,
				2E289CCB23E8DFCA001917DB /* AccountEndPoint.swift */,
				2E289CCC23E8DFCA001917DB /* ReviewEndPoint.swift */,
				2E289CCD23E8DFCA001917DB /* APIEndPoint.swift */,
				2E289CCE23E8DFCA001917DB /* SearchEndpoint.swift */,
				2E289CCF23E8DFCA001917DB /* TVEndPoint.swift */,
				2E289CD023E8DFCA001917DB /* MovieEndPoint.swift */,
			);
			path = EndPoint;
			sourceTree = "<group>";
		};
		2E289CD123E8DFCA001917DB /* Service */ = {
			isa = PBXGroup;
			children = (
				2E289CD223E8DFCA001917DB /* NetworkRouter.swift */,
				2E289CD323E8DFCA001917DB /* HTTPTask.swift */,
				2E289CD423E8DFCA001917DB /* NetworkService.swift */,
				2E289CD523E8DFCA001917DB /* HTTPMethod.swift */,
				2E289CD623E8DFCA001917DB /* Router.swift */,
				2E289CD723E8DFCA001917DB /* EndPointType.swift */,
			);
			path = Service;
			sourceTree = "<group>";
		};
		2E51661B23AFD6C500EDF51E = {
			isa = PBXGroup;
			children = (
				CDB8791423B9005D0099F946 /* Sources */,
				2E51662623AFD6C500EDF51E /* filmsstorm */,
				2E51664023AFD6CA00EDF51E /* filmsstormTests */,
				2E51664B23AFD6CA00EDF51E /* filmsstormUITests */,
				2E51662523AFD6C500EDF51E /* Products */,
				CF9F48FE6F309788D89B0A33 /* Pods */,
				5041012AA2EB81CBFE90A854 /* Frameworks */,
			);
			sourceTree = "<group>";
		};
		2E51662523AFD6C500EDF51E /* Products */ = {
			isa = PBXGroup;
			children = (
				2E51662423AFD6C500EDF51E /* filmsstorm.app */,
				2E51663D23AFD6CA00EDF51E /* filmsstormTests.xctest */,
				2E51664823AFD6CA00EDF51E /* filmsstormUITests.xctest */,
			);
			name = Products;
			sourceTree = "<group>";
		};
		2E51662623AFD6C500EDF51E /* filmsstorm */ = {
			isa = PBXGroup;
			children = (
				2E51662723AFD6C500EDF51E /* AppDelegate.swift */,
				2E51662923AFD6C500EDF51E /* SceneDelegate.swift */,
				2E51663023AFD6CA00EDF51E /* Assets.xcassets */,
				2E51662B23AFD6C500EDF51E /* filmsstorm.xcdatamodeld */,
				2E16981823AFE05A0002E28E /* GoogleService-Info.plist */,
				2E51663823AFD6CA00EDF51E /* Info.plist */,
				2E51663523AFD6CA00EDF51E /* LaunchScreen.storyboard */,
				2E51663223AFD6CA00EDF51E /* Preview Content */,
			);
			path = filmsstorm;
			sourceTree = "<group>";
		};
		2E51663223AFD6CA00EDF51E /* Preview Content */ = {
			isa = PBXGroup;
			children = (
				2E51663323AFD6CA00EDF51E /* Preview Assets.xcassets */,
			);
			path = "Preview Content";
			sourceTree = "<group>";
		};
		2E51664023AFD6CA00EDF51E /* filmsstormTests */ = {
			isa = PBXGroup;
			children = (
				2E51664123AFD6CA00EDF51E /* filmsstormTests.swift */,
				2E51664323AFD6CA00EDF51E /* Info.plist */,
			);
			path = filmsstormTests;
			sourceTree = "<group>";
		};
		2E51664B23AFD6CA00EDF51E /* filmsstormUITests */ = {
			isa = PBXGroup;
			children = (
				2E51664C23AFD6CA00EDF51E /* filmsstormUITests.swift */,
				2E51664E23AFD6CA00EDF51E /* Info.plist */,
			);
			path = filmsstormUITests;
			sourceTree = "<group>";
		};
		5041012AA2EB81CBFE90A854 /* Frameworks */ = {
			isa = PBXGroup;
			children = (
				3059B4F4AC351E621267A3AC /* Pods_filmsstorm.framework */,
				33002DD3D9293DAE1A68201E /* Pods_filmsstorm_filmsstormUITests.framework */,
				3E3AA44BFE965E894CADF19A /* Pods_filmsstormTests.framework */,
			);
			name = Frameworks;
			sourceTree = "<group>";
		};
		CD0CDA7223C3E797002EC487 /* Patterns */ = {
			isa = PBXGroup;
			children = (
				CD7E748423D8F3230097F198 /* AppErrorPresentable */,
				CD0CDA7323C3E797002EC487 /* RootViewGettable */,
				CD0CDA7523C3E797002EC487 /* MVCC */,
			);
			path = Patterns;
			sourceTree = "<group>";
		};
		CD0CDA7323C3E797002EC487 /* RootViewGettable */ = {
			isa = PBXGroup;
			children = (
				CD0CDA7423C3E797002EC487 /* RootViewGettable.swift */,
			);
			path = RootViewGettable;
			sourceTree = "<group>";
		};
		CD0CDA7523C3E797002EC487 /* MVCC */ = {
			isa = PBXGroup;
			children = (
				CD0CDA7623C3E797002EC487 /* Controller.swift */,
				CD0CDA7723C3E797002EC487 /* Coordinator.swift */,
			);
			path = MVCC;
			sourceTree = "<group>";
		};
		CD38AD9123F09B48005DC50B /* AboutViewController */ = {
			isa = PBXGroup;
			children = (
				CD38AD9323F09C91005DC50B /* AboutViewController.swift */,
				CD38AD9723F0A096005DC50B /* AboutView.swift */,
				CD38AD9423F09C91005DC50B /* AboutViewController.xib */,
			);
			path = AboutViewController;
			sourceTree = "<group>";
		};
		CD38AD9223F09B9B005DC50B /* TabBarFlows */ = {
			isa = PBXGroup;
			children = (
				CD4DB86B23EB677A00F53B28 /* DiscoverFlow */,
				CD4DB86C23EC5E4B00F53B28 /* ProfileFlow */,
			);
			path = TabBarFlows;
			sourceTree = "<group>";
		};
		CD4DB86B23EB677A00F53B28 /* DiscoverFlow */ = {
			isa = PBXGroup;
			children = (
				CD536EF623E36034000FEE79 /* DiscoverFlowCoordinator.swift */,
				CDB8791323B9002C0099F946 /* DiscoverViewController */,
			);
			path = DiscoverFlow;
			sourceTree = "<group>";
		};
		CD4DB86C23EC5E4B00F53B28 /* ProfileFlow */ = {
			isa = PBXGroup;
			children = (
				CD4DB86E23EC5EC800F53B28 /* ProfileFlowCoordinator.swift */,
				CD4DB87023EC5EDA00F53B28 /* ProfileViewController */,
				CD38AD9123F09B48005DC50B /* AboutViewController */,
			);
			path = ProfileFlow;
			sourceTree = "<group>";
		};
		CD4DB87023EC5EDA00F53B28 /* ProfileViewController */ = {
			isa = PBXGroup;
			children = (
				CD4DB87123EC5F3D00F53B28 /* ProfileViewController.swift */,
				CD4DB87223EC5F3D00F53B28 /* ProfileViewController.xib */,
				CD4DB87523EC5F6700F53B28 /* ProfileView.swift */,
			);
			path = ProfileViewController;
			sourceTree = "<group>";
		};
		CD53CDB623D6319900E16E2E /* ActivityView */ = {
			isa = PBXGroup;
			children = (
				CD53CDB723D631C000E16E2E /* ActivityView.swift */,
			);
			path = ActivityView;
			sourceTree = "<group>";
		};
		CD7E748423D8F3230097F198 /* AppErrorPresentable */ = {
			isa = PBXGroup;
			children = (
				CD7E748523D8F3450097F198 /* AppEventSource.swift */,
			);
			path = AppErrorPresentable;
			sourceTree = "<group>";
		};
		CD7E748723D8F53E0097F198 /* Services */ = {
			isa = PBXGroup;
			children = (
				2E289CBB23E8DFCA001917DB /* Networking */,
			);
			path = Services;
			sourceTree = "<group>";
		};
		CD7E748823D8F5890097F198 /* Lib */ = {
			isa = PBXGroup;
			children = (
				2E289C9423E8DEBD001917DB /* Extensions */,
				2E289C9B23E8DEBD001917DB /* Functions */,
			);
			path = Lib;
			sourceTree = "<group>";
		};
		CD7E748C23D8F67E0097F198 /* AppKit */ = {
			isa = PBXGroup;
			children = (
				CD53CDB623D6319900E16E2E /* ActivityView */,
			);
			path = AppKit;
			sourceTree = "<group>";
		};
		CDB8790B23B8FF290099F946 /* UI */ = {
			isa = PBXGroup;
			children = (
				CDB8791123B8FFBF0099F946 /* Coordinator */,
				CD38AD9223F09B9B005DC50B /* TabBarFlows */,
				2E289C8823E8C3C9001917DB /* LoginFlow */,
			);
			path = UI;
			sourceTree = "<group>";
		};
		CDB8790F23B8FFA10099F946 /* Models */ = {
			isa = PBXGroup;
			children = (
				2E289CA523E8DED4001917DB /* NetworkingModels */,
				2E289CA223E8DED4001917DB /* Persistence */,
			);
			path = Models;
			sourceTree = "<group>";
		};
		CDB8791123B8FFBF0099F946 /* Coordinator */ = {
			isa = PBXGroup;
			children = (
				CDB8792123B909040099F946 /* AppConfigurator.swift */,
				CD499B6223E4715D00BF0545 /* TabBarContainer.swift */,
			);
			path = Coordinator;
			sourceTree = "<group>";
		};
		CDB8791223B9001B0099F946 /* AuthorizationViewController */ = {
			isa = PBXGroup;
			children = (
				CDB8791523B900D80099F946 /* AuthorizationViewController.swift */,
				CDB8791623B900D80099F946 /* AuthorizationViewController.xib */,
				CDB8791D23B901F20099F946 /* AuthorizationView.swift */,
			);
			path = AuthorizationViewController;
			sourceTree = "<group>";
		};
		CDB8791323B9002C0099F946 /* DiscoverViewController */ = {
			isa = PBXGroup;
			children = (
				2E289C8923E8DE83001917DB /* Cell */,
				2E289C8C23E8DE83001917DB /* DiscoverView.swift */,
				2E289C8D23E8DE84001917DB /* DiscoverViewController.swift */,
				2E289C8E23E8DE84001917DB /* DiscoverViewController.xib */,
			);
			path = DiscoverViewController;
			sourceTree = "<group>";
		};
		CDB8791423B9005D0099F946 /* Sources */ = {
			isa = PBXGroup;
			children = (
				CD0CDA7223C3E797002EC487 /* Patterns */,
				CDB8790B23B8FF290099F946 /* UI */,
				CDB8790F23B8FFA10099F946 /* Models */,
				CD7E748723D8F53E0097F198 /* Services */,
				CD7E748C23D8F67E0097F198 /* AppKit */,
				CD7E748823D8F5890097F198 /* Lib */,
			);
			path = Sources;
			sourceTree = "<group>";
		};
		CF9F48FE6F309788D89B0A33 /* Pods */ = {
			isa = PBXGroup;
			children = (
				17795471C3F63797511534BD /* Pods-filmsstorm.debug.xcconfig */,
				F49330B6ECFAEA477A36F2CE /* Pods-filmsstorm.release.xcconfig */,
				61EAC7A62E40AF84DB9BB78E /* Pods-filmsstorm-filmsstormUITests.debug.xcconfig */,
				A5B7186A6F196DB03D981431 /* Pods-filmsstorm-filmsstormUITests.release.xcconfig */,
				968C53E6688A83988E9A0DE1 /* Pods-filmsstormTests.debug.xcconfig */,
				EA79238A8EC29AB9C6DB940C /* Pods-filmsstormTests.release.xcconfig */,
			);
			path = Pods;
			sourceTree = "<group>";
		};
/* End PBXGroup section */

/* Begin PBXNativeTarget section */
		2E51662323AFD6C500EDF51E /* filmsstorm */ = {
			isa = PBXNativeTarget;
			buildConfigurationList = 2E51665123AFD6CA00EDF51E /* Build configuration list for PBXNativeTarget "filmsstorm" */;
			buildPhases = (
				CCFE275936A6632AB8B00FF6 /* [CP] Check Pods Manifest.lock */,
				2E51665A23AFDAEF00EDF51E /* ShellScript */,
				2E51662023AFD6C500EDF51E /* Sources */,
				2E51662123AFD6C500EDF51E /* Frameworks */,
				2E51662223AFD6C500EDF51E /* Resources */,
				F6E508D26EDFE3BDECDA4104 /* [CP] Embed Pods Frameworks */,
			);
			buildRules = (
			);
			dependencies = (
			);
			name = filmsstorm;
			productName = filmsstorm;
			productReference = 2E51662423AFD6C500EDF51E /* filmsstorm.app */;
			productType = "com.apple.product-type.application";
		};
		2E51663C23AFD6CA00EDF51E /* filmsstormTests */ = {
			isa = PBXNativeTarget;
			buildConfigurationList = 2E51665423AFD6CA00EDF51E /* Build configuration list for PBXNativeTarget "filmsstormTests" */;
			buildPhases = (
				9C26D2CF2137D39F0394DF0A /* [CP] Check Pods Manifest.lock */,
				2E51663923AFD6CA00EDF51E /* Sources */,
				2E51663A23AFD6CA00EDF51E /* Frameworks */,
				2E51663B23AFD6CA00EDF51E /* Resources */,
			);
			buildRules = (
			);
			dependencies = (
				2E51663F23AFD6CA00EDF51E /* PBXTargetDependency */,
			);
			name = filmsstormTests;
			productName = filmsstormTests;
			productReference = 2E51663D23AFD6CA00EDF51E /* filmsstormTests.xctest */;
			productType = "com.apple.product-type.bundle.unit-test";
		};
		2E51664723AFD6CA00EDF51E /* filmsstormUITests */ = {
			isa = PBXNativeTarget;
			buildConfigurationList = 2E51665723AFD6CA00EDF51E /* Build configuration list for PBXNativeTarget "filmsstormUITests" */;
			buildPhases = (
				D4E11C080F620C4C3A4DBF62 /* [CP] Check Pods Manifest.lock */,
				2E51664423AFD6CA00EDF51E /* Sources */,
				2E51664523AFD6CA00EDF51E /* Frameworks */,
				2E51664623AFD6CA00EDF51E /* Resources */,
				E0FF38901EA2EA07E5D42AD8 /* [CP] Embed Pods Frameworks */,
			);
			buildRules = (
			);
			dependencies = (
				2E51664A23AFD6CA00EDF51E /* PBXTargetDependency */,
			);
			name = filmsstormUITests;
			productName = filmsstormUITests;
			productReference = 2E51664823AFD6CA00EDF51E /* filmsstormUITests.xctest */;
			productType = "com.apple.product-type.bundle.ui-testing";
		};
/* End PBXNativeTarget section */

/* Begin PBXProject section */
		2E51661C23AFD6C500EDF51E /* Project object */ = {
			isa = PBXProject;
			attributes = {
				LastSwiftUpdateCheck = 1120;
				LastUpgradeCheck = 1120;
				ORGANIZATIONNAME = "Alexander Andriushchenko";
				TargetAttributes = {
					2E51662323AFD6C500EDF51E = {
						CreatedOnToolsVersion = 11.2;
					};
					2E51663C23AFD6CA00EDF51E = {
						CreatedOnToolsVersion = 11.2;
						TestTargetID = 2E51662323AFD6C500EDF51E;
					};
					2E51664723AFD6CA00EDF51E = {
						CreatedOnToolsVersion = 11.2;
						TestTargetID = 2E51662323AFD6C500EDF51E;
					};
				};
			};
			buildConfigurationList = 2E51661F23AFD6C500EDF51E /* Build configuration list for PBXProject "filmsstorm" */;
			compatibilityVersion = "Xcode 9.3";
			developmentRegion = en;
			hasScannedForEncodings = 0;
			knownRegions = (
				en,
				Base,
			);
			mainGroup = 2E51661B23AFD6C500EDF51E;
			productRefGroup = 2E51662523AFD6C500EDF51E /* Products */;
			projectDirPath = "";
			projectRoot = "";
			targets = (
				2E51662323AFD6C500EDF51E /* filmsstorm */,
				2E51663C23AFD6CA00EDF51E /* filmsstormTests */,
				2E51664723AFD6CA00EDF51E /* filmsstormUITests */,
			);
		};
/* End PBXProject section */

/* Begin PBXResourcesBuildPhase section */
		2E51662223AFD6C500EDF51E /* Resources */ = {
			isa = PBXResourcesBuildPhase;
			buildActionMask = 2147483647;
			files = (
				2E51663723AFD6CA00EDF51E /* LaunchScreen.storyboard in Resources */,
				2E289C9023E8DE84001917DB /* DiscoverCollectionViewCell.xib in Resources */,
				CD4DB87423EC5F3D00F53B28 /* ProfileViewController.xib in Resources */,
				CDB8791823B900D80099F946 /* AuthorizationViewController.xib in Resources */,
				2E16981923AFE05A0002E28E /* GoogleService-Info.plist in Resources */,
				2E51663423AFD6CA00EDF51E /* Preview Assets.xcassets in Resources */,
				2E289C9323E8DE84001917DB /* DiscoverViewController.xib in Resources */,
				CD38AD9623F09C91005DC50B /* AboutViewController.xib in Resources */,
				2E51663123AFD6CA00EDF51E /* Assets.xcassets in Resources */,
			);
			runOnlyForDeploymentPostprocessing = 0;
		};
		2E51663B23AFD6CA00EDF51E /* Resources */ = {
			isa = PBXResourcesBuildPhase;
			buildActionMask = 2147483647;
			files = (
			);
			runOnlyForDeploymentPostprocessing = 0;
		};
		2E51664623AFD6CA00EDF51E /* Resources */ = {
			isa = PBXResourcesBuildPhase;
			buildActionMask = 2147483647;
			files = (
			);
			runOnlyForDeploymentPostprocessing = 0;
		};
/* End PBXResourcesBuildPhase section */

/* Begin PBXShellScriptBuildPhase section */
		2E51665A23AFDAEF00EDF51E /* ShellScript */ = {
			isa = PBXShellScriptBuildPhase;
			buildActionMask = 2147483647;
			files = (
			);
			inputFileListPaths = (
			);
			inputPaths = (
			);
			outputFileListPaths = (
			);
			outputPaths = (
			);
			runOnlyForDeploymentPostprocessing = 0;
			shellPath = /bin/sh;
			shellScript = "\"${PODS_ROOT}/SwiftLint/swiftlint\"\n";
		};
		9C26D2CF2137D39F0394DF0A /* [CP] Check Pods Manifest.lock */ = {
			isa = PBXShellScriptBuildPhase;
			buildActionMask = 2147483647;
			files = (
			);
			inputFileListPaths = (
			);
			inputPaths = (
				"${PODS_PODFILE_DIR_PATH}/Podfile.lock",
				"${PODS_ROOT}/Manifest.lock",
			);
			name = "[CP] Check Pods Manifest.lock";
			outputFileListPaths = (
			);
			outputPaths = (
				"$(DERIVED_FILE_DIR)/Pods-filmsstormTests-checkManifestLockResult.txt",
			);
			runOnlyForDeploymentPostprocessing = 0;
			shellPath = /bin/sh;
			shellScript = "diff \"${PODS_PODFILE_DIR_PATH}/Podfile.lock\" \"${PODS_ROOT}/Manifest.lock\" > /dev/null\nif [ $? != 0 ] ; then\n    # print error to STDERR\n    echo \"error: The sandbox is not in sync with the Podfile.lock. Run 'pod install' or update your CocoaPods installation.\" >&2\n    exit 1\nfi\n# This output is used by Xcode 'outputs' to avoid re-running this script phase.\necho \"SUCCESS\" > \"${SCRIPT_OUTPUT_FILE_0}\"\n";
			showEnvVarsInLog = 0;
		};
		CCFE275936A6632AB8B00FF6 /* [CP] Check Pods Manifest.lock */ = {
			isa = PBXShellScriptBuildPhase;
			buildActionMask = 2147483647;
			files = (
			);
			inputFileListPaths = (
			);
			inputPaths = (
				"${PODS_PODFILE_DIR_PATH}/Podfile.lock",
				"${PODS_ROOT}/Manifest.lock",
			);
			name = "[CP] Check Pods Manifest.lock";
			outputFileListPaths = (
			);
			outputPaths = (
				"$(DERIVED_FILE_DIR)/Pods-filmsstorm-checkManifestLockResult.txt",
			);
			runOnlyForDeploymentPostprocessing = 0;
			shellPath = /bin/sh;
			shellScript = "diff \"${PODS_PODFILE_DIR_PATH}/Podfile.lock\" \"${PODS_ROOT}/Manifest.lock\" > /dev/null\nif [ $? != 0 ] ; then\n    # print error to STDERR\n    echo \"error: The sandbox is not in sync with the Podfile.lock. Run 'pod install' or update your CocoaPods installation.\" >&2\n    exit 1\nfi\n# This output is used by Xcode 'outputs' to avoid re-running this script phase.\necho \"SUCCESS\" > \"${SCRIPT_OUTPUT_FILE_0}\"\n";
			showEnvVarsInLog = 0;
		};
		D4E11C080F620C4C3A4DBF62 /* [CP] Check Pods Manifest.lock */ = {
			isa = PBXShellScriptBuildPhase;
			buildActionMask = 2147483647;
			files = (
			);
			inputFileListPaths = (
			);
			inputPaths = (
				"${PODS_PODFILE_DIR_PATH}/Podfile.lock",
				"${PODS_ROOT}/Manifest.lock",
			);
			name = "[CP] Check Pods Manifest.lock";
			outputFileListPaths = (
			);
			outputPaths = (
				"$(DERIVED_FILE_DIR)/Pods-filmsstorm-filmsstormUITests-checkManifestLockResult.txt",
			);
			runOnlyForDeploymentPostprocessing = 0;
			shellPath = /bin/sh;
			shellScript = "diff \"${PODS_PODFILE_DIR_PATH}/Podfile.lock\" \"${PODS_ROOT}/Manifest.lock\" > /dev/null\nif [ $? != 0 ] ; then\n    # print error to STDERR\n    echo \"error: The sandbox is not in sync with the Podfile.lock. Run 'pod install' or update your CocoaPods installation.\" >&2\n    exit 1\nfi\n# This output is used by Xcode 'outputs' to avoid re-running this script phase.\necho \"SUCCESS\" > \"${SCRIPT_OUTPUT_FILE_0}\"\n";
			showEnvVarsInLog = 0;
		};
		E0FF38901EA2EA07E5D42AD8 /* [CP] Embed Pods Frameworks */ = {
			isa = PBXShellScriptBuildPhase;
			buildActionMask = 2147483647;
			files = (
			);
			inputFileListPaths = (
				"${PODS_ROOT}/Target Support Files/Pods-filmsstorm-filmsstormUITests/Pods-filmsstorm-filmsstormUITests-frameworks-${CONFIGURATION}-input-files.xcfilelist",
			);
			name = "[CP] Embed Pods Frameworks";
			outputFileListPaths = (
				"${PODS_ROOT}/Target Support Files/Pods-filmsstorm-filmsstormUITests/Pods-filmsstorm-filmsstormUITests-frameworks-${CONFIGURATION}-output-files.xcfilelist",
			);
			runOnlyForDeploymentPostprocessing = 0;
			shellPath = /bin/sh;
			shellScript = "\"${PODS_ROOT}/Target Support Files/Pods-filmsstorm-filmsstormUITests/Pods-filmsstorm-filmsstormUITests-frameworks.sh\"\n";
			showEnvVarsInLog = 0;
		};
		F6E508D26EDFE3BDECDA4104 /* [CP] Embed Pods Frameworks */ = {
			isa = PBXShellScriptBuildPhase;
			buildActionMask = 2147483647;
			files = (
			);
			inputFileListPaths = (
				"${PODS_ROOT}/Target Support Files/Pods-filmsstorm/Pods-filmsstorm-frameworks-${CONFIGURATION}-input-files.xcfilelist",
			);
			name = "[CP] Embed Pods Frameworks";
			outputFileListPaths = (
				"${PODS_ROOT}/Target Support Files/Pods-filmsstorm/Pods-filmsstorm-frameworks-${CONFIGURATION}-output-files.xcfilelist",
			);
			runOnlyForDeploymentPostprocessing = 0;
			shellPath = /bin/sh;
			shellScript = "\"${PODS_ROOT}/Target Support Files/Pods-filmsstorm/Pods-filmsstorm-frameworks.sh\"\n";
			showEnvVarsInLog = 0;
		};
/* End PBXShellScriptBuildPhase section */

/* Begin PBXSourcesBuildPhase section */
		2E51662023AFD6C500EDF51E /* Sources */ = {
			isa = PBXSourcesBuildPhase;
			buildActionMask = 2147483647;
			files = (
				2E289CEA23E8DFCA001917DB /* HTTPTask.swift in Sources */,
				2E289CB523E8DED4001917DB /* UserModel.swift in Sources */,
				2E289CE523E8DFCA001917DB /* APIEndPoint.swift in Sources */,
				2E289C9D23E8DEBD001917DB /* UIImageView+Extensions.swift in Sources */,
				2E289CED23E8DFCA001917DB /* Router.swift in Sources */,
				2E51662823AFD6C500EDF51E /* AppDelegate.swift in Sources */,
				2E289CDE23E8DFCA001917DB /* NetworkManager.swift in Sources */,
				2E51662A23AFD6C500EDF51E /* SceneDelegate.swift in Sources */,
				2E289CB623E8DED4001917DB /* PopularMoviesModel.swift in Sources */,
				CD4DB87323EC5F3D00F53B28 /* ProfileViewController.swift in Sources */,
				2E289CE923E8DFCA001917DB /* NetworkRouter.swift in Sources */,
				CDB8792423B93C240099F946 /* LoginFlowCoordinator.swift in Sources */,
				2E289CE623E8DFCA001917DB /* SearchEndpoint.swift in Sources */,
				2E289CE423E8DFCA001917DB /* ReviewEndPoint.swift in Sources */,
				2E289CE223E8DFCA001917DB /* AuthEndPoint.swift in Sources */,
				CDB8792223B909040099F946 /* AppConfigurator.swift in Sources */,
				2E289C9E23E8DEBD001917DB /* UIViewController+Extensions.swift in Sources */,
				CDB8791723B900D80099F946 /* AuthorizationViewController.swift in Sources */,
				CD38AD9523F09C91005DC50B /* AboutViewController.swift in Sources */,
				2E289CB923E8DED4001917DB /* FavouriteMovieMarkBody.swift in Sources */,
				2E289CB123E8DED4001917DB /* UseDefaultsContainer.swift in Sources */,
				2E289CB223E8DED4001917DB /* Auth.swift in Sources */,
				2E289CE123E8DFCA001917DB /* TVSeasonEndPoint.swift in Sources */,
				CDB8791E23B901F20099F946 /* AuthorizationView.swift in Sources */,
				2E289C8F23E8DE84001917DB /* DiscoverCollectionViewCell.swift in Sources */,
				CD0CDA7A23C3E797002EC487 /* Coordinator.swift in Sources */,
				CD7E748623D8F3450097F198 /* AppEventSource.swift in Sources */,
				2E289CE723E8DFCA001917DB /* TVEndPoint.swift in Sources */,
				2E289CDC23E8DFCA001917DB /* NetworkError.swift in Sources */,
				2E289CA023E8DEBD001917DB /* Optional+Extension.swift in Sources */,
				2E51662D23AFD6C500EDF51E /* filmsstorm.xcdatamodeld in Sources */,
				2E289CDA23E8DFCA001917DB /* URLParameterEncoder.swift in Sources */,
				2E289CA123E8DEBD001917DB /* Functions.swift in Sources */,
				CD536EF723E36034000FEE79 /* DiscoverFlowCoordinator.swift in Sources */,
				2E289CDD23E8DFCA001917DB /* ImageLoadingService.swift in Sources */,
				CD0CDA7923C3E797002EC487 /* Controller.swift in Sources */,
				CD0CDA7823C3E797002EC487 /* RootViewGettable.swift in Sources */,
				2E289CE823E8DFCA001917DB /* MovieEndPoint.swift in Sources */,
				2E289CB323E8DED4001917DB /* SessionID.swift in Sources */,
				2E289CEC23E8DFCA001917DB /* HTTPMethod.swift in Sources */,
				2E289CEE23E8DFCA001917DB /* EndPointType.swift in Sources */,
				CD4DB87623EC5F6700F53B28 /* ProfileView.swift in Sources */,
				2E289C9F23E8DEBD001917DB /* UICollectionView+Extensions.swift in Sources */,
				2E289CE323E8DFCA001917DB /* AccountEndPoint.swift in Sources */,
				2E289CD923E8DFCA001917DB /* ParameterEncoding.swift in Sources */,
				2E289CB823E8DED4001917DB /* SessionRequestBody.swift in Sources */,
				2E289C9123E8DE84001917DB /* DiscoverView.swift in Sources */,
				2E289C9223E8DE84001917DB /* DiscoverViewController.swift in Sources */,
				2E289CB423E8DED4001917DB /* LogoutModel.swift in Sources */,
				CD53CDB823D631C000E16E2E /* ActivityView.swift in Sources */,
				2E289CE023E8DFCA001917DB /* DiscoverEndPoint.swift in Sources */,
				CD38AD9823F0A096005DC50B /* AboutView.swift in Sources */,
				2E289CDF23E8DFCA001917DB /* PeopleEndPointt.swift in Sources */,
				2E289CB723E8DED4001917DB /* RequestToken.swift in Sources */,
				2E289CDB23E8DFCA001917DB /* JSONParameterEncoder.swift in Sources */,
				CD4DB86F23EC5EC800F53B28 /* ProfileFlowCoordinator.swift in Sources */,
				2E289CBA23E8DED4001917DB /* AuthRequestModel.swift in Sources */,
				CD499B6323E4715D00BF0545 /* TabBarContainer.swift in Sources */,
				2E289CEB23E8DFCA001917DB /* NetworkService.swift in Sources */,
				2E289CD823E8DFCA001917DB /* Headers.swift in Sources */,
			);
			runOnlyForDeploymentPostprocessing = 0;
		};
		2E51663923AFD6CA00EDF51E /* Sources */ = {
			isa = PBXSourcesBuildPhase;
			buildActionMask = 2147483647;
			files = (
				2E51664223AFD6CA00EDF51E /* filmsstormTests.swift in Sources */,
			);
			runOnlyForDeploymentPostprocessing = 0;
		};
		2E51664423AFD6CA00EDF51E /* Sources */ = {
			isa = PBXSourcesBuildPhase;
			buildActionMask = 2147483647;
			files = (
				2E51664D23AFD6CA00EDF51E /* filmsstormUITests.swift in Sources */,
			);
			runOnlyForDeploymentPostprocessing = 0;
		};
/* End PBXSourcesBuildPhase section */

/* Begin PBXTargetDependency section */
		2E51663F23AFD6CA00EDF51E /* PBXTargetDependency */ = {
			isa = PBXTargetDependency;
			target = 2E51662323AFD6C500EDF51E /* filmsstorm */;
			targetProxy = 2E51663E23AFD6CA00EDF51E /* PBXContainerItemProxy */;
		};
		2E51664A23AFD6CA00EDF51E /* PBXTargetDependency */ = {
			isa = PBXTargetDependency;
			target = 2E51662323AFD6C500EDF51E /* filmsstorm */;
			targetProxy = 2E51664923AFD6CA00EDF51E /* PBXContainerItemProxy */;
		};
/* End PBXTargetDependency section */

/* Begin PBXVariantGroup section */
		2E51663523AFD6CA00EDF51E /* LaunchScreen.storyboard */ = {
			isa = PBXVariantGroup;
			children = (
				2E51663623AFD6CA00EDF51E /* Base */,
			);
			name = LaunchScreen.storyboard;
			sourceTree = "<group>";
		};
/* End PBXVariantGroup section */

/* Begin XCBuildConfiguration section */
		2E51664F23AFD6CA00EDF51E /* Debug */ = {
			isa = XCBuildConfiguration;
			buildSettings = {
				ALWAYS_SEARCH_USER_PATHS = NO;
				CLANG_ANALYZER_NONNULL = YES;
				CLANG_ANALYZER_NUMBER_OBJECT_CONVERSION = YES_AGGRESSIVE;
				CLANG_CXX_LANGUAGE_STANDARD = "gnu++14";
				CLANG_CXX_LIBRARY = "libc++";
				CLANG_ENABLE_MODULES = YES;
				CLANG_ENABLE_OBJC_ARC = YES;
				CLANG_ENABLE_OBJC_WEAK = YES;
				CLANG_WARN_BLOCK_CAPTURE_AUTORELEASING = YES;
				CLANG_WARN_BOOL_CONVERSION = YES;
				CLANG_WARN_COMMA = YES;
				CLANG_WARN_CONSTANT_CONVERSION = YES;
				CLANG_WARN_DEPRECATED_OBJC_IMPLEMENTATIONS = YES;
				CLANG_WARN_DIRECT_OBJC_ISA_USAGE = YES_ERROR;
				CLANG_WARN_DOCUMENTATION_COMMENTS = YES;
				CLANG_WARN_EMPTY_BODY = YES;
				CLANG_WARN_ENUM_CONVERSION = YES;
				CLANG_WARN_INFINITE_RECURSION = YES;
				CLANG_WARN_INT_CONVERSION = YES;
				CLANG_WARN_NON_LITERAL_NULL_CONVERSION = YES;
				CLANG_WARN_OBJC_IMPLICIT_RETAIN_SELF = YES;
				CLANG_WARN_OBJC_LITERAL_CONVERSION = YES;
				CLANG_WARN_OBJC_ROOT_CLASS = YES_ERROR;
				CLANG_WARN_RANGE_LOOP_ANALYSIS = YES;
				CLANG_WARN_STRICT_PROTOTYPES = YES;
				CLANG_WARN_SUSPICIOUS_MOVE = YES;
				CLANG_WARN_UNGUARDED_AVAILABILITY = YES_AGGRESSIVE;
				CLANG_WARN_UNREACHABLE_CODE = YES;
				CLANG_WARN__DUPLICATE_METHOD_MATCH = YES;
				COPY_PHASE_STRIP = NO;
				DEBUG_INFORMATION_FORMAT = dwarf;
				ENABLE_STRICT_OBJC_MSGSEND = YES;
				ENABLE_TESTABILITY = YES;
				GCC_C_LANGUAGE_STANDARD = gnu11;
				GCC_DYNAMIC_NO_PIC = NO;
				GCC_NO_COMMON_BLOCKS = YES;
				GCC_OPTIMIZATION_LEVEL = 0;
				GCC_PREPROCESSOR_DEFINITIONS = (
					"DEBUG=1",
					"$(inherited)",
				);
				GCC_WARN_64_TO_32_BIT_CONVERSION = YES;
				GCC_WARN_ABOUT_RETURN_TYPE = YES_ERROR;
				GCC_WARN_UNDECLARED_SELECTOR = YES;
				GCC_WARN_UNINITIALIZED_AUTOS = YES_AGGRESSIVE;
				GCC_WARN_UNUSED_FUNCTION = YES;
				GCC_WARN_UNUSED_VARIABLE = YES;
				IPHONEOS_DEPLOYMENT_TARGET = 13.2;
				MTL_ENABLE_DEBUG_INFO = INCLUDE_SOURCE;
				MTL_FAST_MATH = YES;
				ONLY_ACTIVE_ARCH = YES;
				SDKROOT = iphoneos;
				SWIFT_ACTIVE_COMPILATION_CONDITIONS = DEBUG;
				SWIFT_OPTIMIZATION_LEVEL = "-Onone";
			};
			name = Debug;
		};
		2E51665023AFD6CA00EDF51E /* Release */ = {
			isa = XCBuildConfiguration;
			buildSettings = {
				ALWAYS_SEARCH_USER_PATHS = NO;
				CLANG_ANALYZER_NONNULL = YES;
				CLANG_ANALYZER_NUMBER_OBJECT_CONVERSION = YES_AGGRESSIVE;
				CLANG_CXX_LANGUAGE_STANDARD = "gnu++14";
				CLANG_CXX_LIBRARY = "libc++";
				CLANG_ENABLE_MODULES = YES;
				CLANG_ENABLE_OBJC_ARC = YES;
				CLANG_ENABLE_OBJC_WEAK = YES;
				CLANG_WARN_BLOCK_CAPTURE_AUTORELEASING = YES;
				CLANG_WARN_BOOL_CONVERSION = YES;
				CLANG_WARN_COMMA = YES;
				CLANG_WARN_CONSTANT_CONVERSION = YES;
				CLANG_WARN_DEPRECATED_OBJC_IMPLEMENTATIONS = YES;
				CLANG_WARN_DIRECT_OBJC_ISA_USAGE = YES_ERROR;
				CLANG_WARN_DOCUMENTATION_COMMENTS = YES;
				CLANG_WARN_EMPTY_BODY = YES;
				CLANG_WARN_ENUM_CONVERSION = YES;
				CLANG_WARN_INFINITE_RECURSION = YES;
				CLANG_WARN_INT_CONVERSION = YES;
				CLANG_WARN_NON_LITERAL_NULL_CONVERSION = YES;
				CLANG_WARN_OBJC_IMPLICIT_RETAIN_SELF = YES;
				CLANG_WARN_OBJC_LITERAL_CONVERSION = YES;
				CLANG_WARN_OBJC_ROOT_CLASS = YES_ERROR;
				CLANG_WARN_RANGE_LOOP_ANALYSIS = YES;
				CLANG_WARN_STRICT_PROTOTYPES = YES;
				CLANG_WARN_SUSPICIOUS_MOVE = YES;
				CLANG_WARN_UNGUARDED_AVAILABILITY = YES_AGGRESSIVE;
				CLANG_WARN_UNREACHABLE_CODE = YES;
				CLANG_WARN__DUPLICATE_METHOD_MATCH = YES;
				COPY_PHASE_STRIP = NO;
				DEBUG_INFORMATION_FORMAT = "dwarf-with-dsym";
				ENABLE_NS_ASSERTIONS = NO;
				ENABLE_STRICT_OBJC_MSGSEND = YES;
				GCC_C_LANGUAGE_STANDARD = gnu11;
				GCC_NO_COMMON_BLOCKS = YES;
				GCC_WARN_64_TO_32_BIT_CONVERSION = YES;
				GCC_WARN_ABOUT_RETURN_TYPE = YES_ERROR;
				GCC_WARN_UNDECLARED_SELECTOR = YES;
				GCC_WARN_UNINITIALIZED_AUTOS = YES_AGGRESSIVE;
				GCC_WARN_UNUSED_FUNCTION = YES;
				GCC_WARN_UNUSED_VARIABLE = YES;
				IPHONEOS_DEPLOYMENT_TARGET = 13.2;
				MTL_ENABLE_DEBUG_INFO = NO;
				MTL_FAST_MATH = YES;
				SDKROOT = iphoneos;
				SWIFT_COMPILATION_MODE = wholemodule;
				SWIFT_OPTIMIZATION_LEVEL = "-O";
				VALIDATE_PRODUCT = YES;
			};
			name = Release;
		};
		2E51665223AFD6CA00EDF51E /* Debug */ = {
			isa = XCBuildConfiguration;
			baseConfigurationReference = 17795471C3F63797511534BD /* Pods-filmsstorm.debug.xcconfig */;
			buildSettings = {
				ASSETCATALOG_COMPILER_APPICON_NAME = AppIcon;
				CODE_SIGN_STYLE = Automatic;
				DEVELOPMENT_ASSET_PATHS = "\"filmsstorm/Preview Content\"";
				ENABLE_PREVIEWS = YES;
				INFOPLIST_FILE = filmsstorm/Info.plist;
				IPHONEOS_DEPLOYMENT_TARGET = 13.0;
				LD_RUNPATH_SEARCH_PATHS = (
					"$(inherited)",
					"@executable_path/Frameworks",
				);
				PRODUCT_BUNDLE_IDENTIFIER = com.vorotchenko.filmsstorm;
				PRODUCT_NAME = "$(TARGET_NAME)";
				SWIFT_VERSION = 5.0;
				TARGETED_DEVICE_FAMILY = 1;
			};
			name = Debug;
		};
		2E51665323AFD6CA00EDF51E /* Release */ = {
			isa = XCBuildConfiguration;
			baseConfigurationReference = F49330B6ECFAEA477A36F2CE /* Pods-filmsstorm.release.xcconfig */;
			buildSettings = {
				ASSETCATALOG_COMPILER_APPICON_NAME = AppIcon;
				CODE_SIGN_STYLE = Automatic;
				DEVELOPMENT_ASSET_PATHS = "\"filmsstorm/Preview Content\"";
				ENABLE_PREVIEWS = YES;
				INFOPLIST_FILE = filmsstorm/Info.plist;
				IPHONEOS_DEPLOYMENT_TARGET = 13.0;
				LD_RUNPATH_SEARCH_PATHS = (
					"$(inherited)",
					"@executable_path/Frameworks",
				);
				PRODUCT_BUNDLE_IDENTIFIER = com.vorotchenko.filmsstorm;
				PRODUCT_NAME = "$(TARGET_NAME)";
				SWIFT_VERSION = 5.0;
				TARGETED_DEVICE_FAMILY = 1;
			};
			name = Release;
		};
		2E51665523AFD6CA00EDF51E /* Debug */ = {
			isa = XCBuildConfiguration;
			baseConfigurationReference = 968C53E6688A83988E9A0DE1 /* Pods-filmsstormTests.debug.xcconfig */;
			buildSettings = {
				ALWAYS_EMBED_SWIFT_STANDARD_LIBRARIES = YES;
				BUNDLE_LOADER = "$(TEST_HOST)";
				CODE_SIGN_STYLE = Automatic;
				INFOPLIST_FILE = filmsstormTests/Info.plist;
				IPHONEOS_DEPLOYMENT_TARGET = 13.2;
				LD_RUNPATH_SEARCH_PATHS = (
					"$(inherited)",
					"@executable_path/Frameworks",
					"@loader_path/Frameworks",
				);
				PRODUCT_BUNDLE_IDENTIFIER = com.vorotchenko.filmsstormTests;
				PRODUCT_NAME = "$(TARGET_NAME)";
				SWIFT_VERSION = 5.0;
				TARGETED_DEVICE_FAMILY = "1,2";
				TEST_HOST = "$(BUILT_PRODUCTS_DIR)/filmsstorm.app/filmsstorm";
			};
			name = Debug;
		};
		2E51665623AFD6CA00EDF51E /* Release */ = {
			isa = XCBuildConfiguration;
			baseConfigurationReference = EA79238A8EC29AB9C6DB940C /* Pods-filmsstormTests.release.xcconfig */;
			buildSettings = {
				ALWAYS_EMBED_SWIFT_STANDARD_LIBRARIES = YES;
				BUNDLE_LOADER = "$(TEST_HOST)";
				CODE_SIGN_STYLE = Automatic;
				INFOPLIST_FILE = filmsstormTests/Info.plist;
				IPHONEOS_DEPLOYMENT_TARGET = 13.2;
				LD_RUNPATH_SEARCH_PATHS = (
					"$(inherited)",
					"@executable_path/Frameworks",
					"@loader_path/Frameworks",
				);
				PRODUCT_BUNDLE_IDENTIFIER = com.vorotchenko.filmsstormTests;
				PRODUCT_NAME = "$(TARGET_NAME)";
				SWIFT_VERSION = 5.0;
				TARGETED_DEVICE_FAMILY = "1,2";
				TEST_HOST = "$(BUILT_PRODUCTS_DIR)/filmsstorm.app/filmsstorm";
			};
			name = Release;
		};
		2E51665823AFD6CA00EDF51E /* Debug */ = {
			isa = XCBuildConfiguration;
			baseConfigurationReference = 61EAC7A62E40AF84DB9BB78E /* Pods-filmsstorm-filmsstormUITests.debug.xcconfig */;
			buildSettings = {
				ALWAYS_EMBED_SWIFT_STANDARD_LIBRARIES = YES;
				CODE_SIGN_STYLE = Automatic;
				INFOPLIST_FILE = filmsstormUITests/Info.plist;
				LD_RUNPATH_SEARCH_PATHS = (
					"$(inherited)",
					"@executable_path/Frameworks",
					"@loader_path/Frameworks",
				);
				PRODUCT_BUNDLE_IDENTIFIER = com.vorotchenko.filmsstormUITests;
				PRODUCT_NAME = "$(TARGET_NAME)";
				SWIFT_VERSION = 5.0;
				TARGETED_DEVICE_FAMILY = "1,2";
				TEST_TARGET_NAME = filmsstorm;
			};
			name = Debug;
		};
		2E51665923AFD6CA00EDF51E /* Release */ = {
			isa = XCBuildConfiguration;
			baseConfigurationReference = A5B7186A6F196DB03D981431 /* Pods-filmsstorm-filmsstormUITests.release.xcconfig */;
			buildSettings = {
				ALWAYS_EMBED_SWIFT_STANDARD_LIBRARIES = YES;
				CODE_SIGN_STYLE = Automatic;
				INFOPLIST_FILE = filmsstormUITests/Info.plist;
				LD_RUNPATH_SEARCH_PATHS = (
					"$(inherited)",
					"@executable_path/Frameworks",
					"@loader_path/Frameworks",
				);
				PRODUCT_BUNDLE_IDENTIFIER = com.vorotchenko.filmsstormUITests;
				PRODUCT_NAME = "$(TARGET_NAME)";
				SWIFT_VERSION = 5.0;
				TARGETED_DEVICE_FAMILY = "1,2";
				TEST_TARGET_NAME = filmsstorm;
			};
			name = Release;
		};
/* End XCBuildConfiguration section */

/* Begin XCConfigurationList section */
		2E51661F23AFD6C500EDF51E /* Build configuration list for PBXProject "filmsstorm" */ = {
			isa = XCConfigurationList;
			buildConfigurations = (
				2E51664F23AFD6CA00EDF51E /* Debug */,
				2E51665023AFD6CA00EDF51E /* Release */,
			);
			defaultConfigurationIsVisible = 0;
			defaultConfigurationName = Release;
		};
		2E51665123AFD6CA00EDF51E /* Build configuration list for PBXNativeTarget "filmsstorm" */ = {
			isa = XCConfigurationList;
			buildConfigurations = (
				2E51665223AFD6CA00EDF51E /* Debug */,
				2E51665323AFD6CA00EDF51E /* Release */,
			);
			defaultConfigurationIsVisible = 0;
			defaultConfigurationName = Release;
		};
		2E51665423AFD6CA00EDF51E /* Build configuration list for PBXNativeTarget "filmsstormTests" */ = {
			isa = XCConfigurationList;
			buildConfigurations = (
				2E51665523AFD6CA00EDF51E /* Debug */,
				2E51665623AFD6CA00EDF51E /* Release */,
			);
			defaultConfigurationIsVisible = 0;
			defaultConfigurationName = Release;
		};
		2E51665723AFD6CA00EDF51E /* Build configuration list for PBXNativeTarget "filmsstormUITests" */ = {
			isa = XCConfigurationList;
			buildConfigurations = (
				2E51665823AFD6CA00EDF51E /* Debug */,
				2E51665923AFD6CA00EDF51E /* Release */,
			);
			defaultConfigurationIsVisible = 0;
			defaultConfigurationName = Release;
		};
/* End XCConfigurationList section */

/* Begin XCVersionGroup section */
		2E51662B23AFD6C500EDF51E /* filmsstorm.xcdatamodeld */ = {
			isa = XCVersionGroup;
			children = (
				2E51662C23AFD6C500EDF51E /* filmsstorm.xcdatamodel */,
			);
			currentVersion = 2E51662C23AFD6C500EDF51E /* filmsstorm.xcdatamodel */;
			path = filmsstorm.xcdatamodeld;
			sourceTree = "<group>";
			versionGroupType = wrapper.xcdatamodel;
		};
/* End XCVersionGroup section */
	};
	rootObject = 2E51661C23AFD6C500EDF51E /* Project object */;
}
